// !$*UTF8*$!
{
	archiveVersion = 1;
	classes = {
	};
	objectVersion = 56;
	objects = {

/* Begin PBXBuildFile section */
		6EB734162A20CC7E0074E82B /* EssentialFeed.framework in Frameworks */ = {isa = PBXBuildFile; fileRef = 6EB7340B2A20CC7E0074E82B /* EssentialFeed.framework */; };
		6EB7341C2A20CC7E0074E82B /* EssentialFeed.h in Headers */ = {isa = PBXBuildFile; fileRef = 6EB7340E2A20CC7E0074E82B /* EssentialFeed.h */; settings = {ATTRIBUTES = (Public, ); }; };
		6EB734262A20CC9F0074E82B /* LoadFeedFromRemoteUseCaseTests.swift in Sources */ = {isa = PBXBuildFile; fileRef = 6EB734252A20CC9F0074E82B /* LoadFeedFromRemoteUseCaseTests.swift */; };
		6EB734282A20CCAB0074E82B /* RemoteFeedLoader.swift in Sources */ = {isa = PBXBuildFile; fileRef = 6EB734272A20CCAB0074E82B /* RemoteFeedLoader.swift */; };
		6EB7342B2A20CCB80074E82B /* FeedLoader.swift in Sources */ = {isa = PBXBuildFile; fileRef = 6EB734292A20CCB80074E82B /* FeedLoader.swift */; };
		6EB7342C2A20CCB80074E82B /* FeedItem.swift in Sources */ = {isa = PBXBuildFile; fileRef = 6EB7342A2A20CCB80074E82B /* FeedItem.swift */; };
		6EB734302A24E1460074E82B /* HTTPClient.swift in Sources */ = {isa = PBXBuildFile; fileRef = 6EB7342F2A24E1460074E82B /* HTTPClient.swift */; };
		6EB734322A24E1BE0074E82B /* FeedItemsMapper.swift in Sources */ = {isa = PBXBuildFile; fileRef = 6EB734312A24E1BE0074E82B /* FeedItemsMapper.swift */; };
		6EB734352A2648DC0074E82B /* URLSessionHTTPClientTests.swift in Sources */ = {isa = PBXBuildFile; fileRef = 6EB734342A2648DC0074E82B /* URLSessionHTTPClientTests.swift */; };
		6EB734372A277D7A0074E82B /* XCTestsCase+MemoryLeakTracking.swift in Sources */ = {isa = PBXBuildFile; fileRef = 6EB734362A277D7A0074E82B /* XCTestsCase+MemoryLeakTracking.swift */; };
		6EB7343A2A2786840074E82B /* URLSessionHTTPClient.swift in Sources */ = {isa = PBXBuildFile; fileRef = 6EB734392A2786840074E82B /* URLSessionHTTPClient.swift */; };
		6EB734422A279B540074E82B /* EssentialFeedAPIEndToEndTests.swift in Sources */ = {isa = PBXBuildFile; fileRef = 6EB734412A279B540074E82B /* EssentialFeedAPIEndToEndTests.swift */; };
		6EB734432A279B540074E82B /* EssentialFeed.framework in Frameworks */ = {isa = PBXBuildFile; fileRef = 6EB7340B2A20CC7E0074E82B /* EssentialFeed.framework */; };
		6EC271722A279EF800F308C4 /* XCTestsCase+MemoryLeakTracking.swift in Sources */ = {isa = PBXBuildFile; fileRef = 6EB734362A277D7A0074E82B /* XCTestsCase+MemoryLeakTracking.swift */; };
		6EC271752A2E2E2A00F308C4 /* CacheFeedUseCaseTests.swift in Sources */ = {isa = PBXBuildFile; fileRef = 6EC271742A2E2E2A00F308C4 /* CacheFeedUseCaseTests.swift */; };
		6EC271782A2E433100F308C4 /* LocalFeedLoader.swift in Sources */ = {isa = PBXBuildFile; fileRef = 6EC271772A2E433100F308C4 /* LocalFeedLoader.swift */; };
		6EC2717A2A2E439200F308C4 /* FeedStore.swift in Sources */ = {isa = PBXBuildFile; fileRef = 6EC271792A2E439200F308C4 /* FeedStore.swift */; };
		6EC2717C2A2F1F0300F308C4 /* RemoteFeedItem.swift in Sources */ = {isa = PBXBuildFile; fileRef = 6EC2717B2A2F1F0300F308C4 /* RemoteFeedItem.swift */; };
		6EC2717E2A2F1F3600F308C4 /* LocalFeedImage.swift in Sources */ = {isa = PBXBuildFile; fileRef = 6EC2717D2A2F1F3600F308C4 /* LocalFeedImage.swift */; };
		6EC271802A2F679000F308C4 /* LoadFeedFromCacheUseCaseTests.swift in Sources */ = {isa = PBXBuildFile; fileRef = 6EC2717F2A2F679000F308C4 /* LoadFeedFromCacheUseCaseTests.swift */; };
		6EC271832A2F67EA00F308C4 /* FeedStoreSpy.swift in Sources */ = {isa = PBXBuildFile; fileRef = 6EC271822A2F67EA00F308C4 /* FeedStoreSpy.swift */; };
		6EC271852A320D2500F308C4 /* ValidateFeedCacheUseCaseTests.swift in Sources */ = {isa = PBXBuildFile; fileRef = 6EC271842A320D2500F308C4 /* ValidateFeedCacheUseCaseTests.swift */; };
		6EC271872A32132D00F308C4 /* FeedCacheTestHelpers.swift in Sources */ = {isa = PBXBuildFile; fileRef = 6EC271862A32132D00F308C4 /* FeedCacheTestHelpers.swift */; };
		6EC271892A32135700F308C4 /* SharedTestHelpers.swift in Sources */ = {isa = PBXBuildFile; fileRef = 6EC271882A32135700F308C4 /* SharedTestHelpers.swift */; };
		6EC2718B2A321EC500F308C4 /* FeedCachePolicy.swift in Sources */ = {isa = PBXBuildFile; fileRef = 6EC2718A2A321EC500F308C4 /* FeedCachePolicy.swift */; };
		6EC271912A3367A700F308C4 /* FeedStoreSpecs.swift in Sources */ = {isa = PBXBuildFile; fileRef = 6EC271902A3367A700F308C4 /* FeedStoreSpecs.swift */; };
		6EC271932A33683700F308C4 /* XCTestCase+FeedStoreSpecs.swift in Sources */ = {isa = PBXBuildFile; fileRef = 6EC271922A33683700F308C4 /* XCTestCase+FeedStoreSpecs.swift */; };
		6EC271952A33691E00F308C4 /* XCTestCase+FailableRetrieveFeedStoreSpecs.swift in Sources */ = {isa = PBXBuildFile; fileRef = 6EC271942A33691E00F308C4 /* XCTestCase+FailableRetrieveFeedStoreSpecs.swift */; };
		6EC271972A3369C300F308C4 /* XCTestCase+FailableInsertFeedStoreSpecs.swift in Sources */ = {isa = PBXBuildFile; fileRef = 6EC271962A3369C300F308C4 /* XCTestCase+FailableInsertFeedStoreSpecs.swift */; };
		6EC271992A336A3600F308C4 /* XCTestCase+FailableDeleteFeedStoreSpecs.swift in Sources */ = {isa = PBXBuildFile; fileRef = 6EC271982A336A3600F308C4 /* XCTestCase+FailableDeleteFeedStoreSpecs.swift */; };
		6EC2719C2A38725200F308C4 /* CoreDataFeedStoreTests.swift in Sources */ = {isa = PBXBuildFile; fileRef = 6EC2719B2A38725200F308C4 /* CoreDataFeedStoreTests.swift */; };
		6EC2719F2A3872D600F308C4 /* CoreDataFeedStore.swift in Sources */ = {isa = PBXBuildFile; fileRef = 6EC2719E2A3872D600F308C4 /* CoreDataFeedStore.swift */; };
		6EC271A22A38755B00F308C4 /* FeedStore.xcdatamodeld in Sources */ = {isa = PBXBuildFile; fileRef = 6EC271A02A38755B00F308C4 /* FeedStore.xcdatamodeld */; };
		6EC271A82A3886E200F308C4 /* CoreDataHelpers.swift in Sources */ = {isa = PBXBuildFile; fileRef = 6EC271A72A3886E200F308C4 /* CoreDataHelpers.swift */; };
		6EC271AA2A38878500F308C4 /* ManagedCache.swift in Sources */ = {isa = PBXBuildFile; fileRef = 6EC271A92A38878500F308C4 /* ManagedCache.swift */; };
		6EC271AC2A3887A000F308C4 /* ManagedFeedImage.swift in Sources */ = {isa = PBXBuildFile; fileRef = 6EC271AB2A3887A000F308C4 /* ManagedFeedImage.swift */; };
		6EC271B42A389CAA00F308C4 /* EssentialFeedCacheIntegrationTests.swift in Sources */ = {isa = PBXBuildFile; fileRef = 6EC271B32A389CAA00F308C4 /* EssentialFeedCacheIntegrationTests.swift */; };
		6EC271B52A389CAA00F308C4 /* EssentialFeed.framework in Frameworks */ = {isa = PBXBuildFile; fileRef = 6EB7340B2A20CC7E0074E82B /* EssentialFeed.framework */; };
		6EC271BB2A389D3400F308C4 /* XCTestsCase+MemoryLeakTracking.swift in Sources */ = {isa = PBXBuildFile; fileRef = 6EB734362A277D7A0074E82B /* XCTestsCase+MemoryLeakTracking.swift */; };
		6EC271BC2A389E3800F308C4 /* SharedTestHelpers.swift in Sources */ = {isa = PBXBuildFile; fileRef = 6EC271882A32135700F308C4 /* SharedTestHelpers.swift */; };
		6EC271BD2A389E4100F308C4 /* FeedCacheTestHelpers.swift in Sources */ = {isa = PBXBuildFile; fileRef = 6EC271862A32132D00F308C4 /* FeedCacheTestHelpers.swift */; };
		6EC272862A4076DC00F308C4 /* EssentialFeediOS.framework in Frameworks */ = {isa = PBXBuildFile; fileRef = 6EC2727E2A4076DB00F308C4 /* EssentialFeediOS.framework */; };
		6EC2728C2A4076DC00F308C4 /* EssentialFeediOS.h in Headers */ = {isa = PBXBuildFile; fileRef = 6EC272802A4076DC00F308C4 /* EssentialFeediOS.h */; settings = {ATTRIBUTES = (Public, ); }; };
		6EC272942A41DB5700F308C4 /* FeedViewControllerTests.swift in Sources */ = {isa = PBXBuildFile; fileRef = 6EC272932A41DB5700F308C4 /* FeedViewControllerTests.swift */; };
		6EC272962A41DE6900F308C4 /* EssentialFeed.framework in Frameworks */ = {isa = PBXBuildFile; fileRef = 6EB7340B2A20CC7E0074E82B /* EssentialFeed.framework */; platformFilter = ios; };
		6EC272972A41DE6900F308C4 /* EssentialFeed.framework in Embed Frameworks */ = {isa = PBXBuildFile; fileRef = 6EB7340B2A20CC7E0074E82B /* EssentialFeed.framework */; platformFilter = ios; settings = {ATTRIBUTES = (CodeSignOnCopy, RemoveHeadersOnCopy, ); }; };
		6EC2729B2A41DFB500F308C4 /* XCTestsCase+MemoryLeakTracking.swift in Sources */ = {isa = PBXBuildFile; fileRef = 6EB734362A277D7A0074E82B /* XCTestsCase+MemoryLeakTracking.swift */; };
		6EC2729D2A41E4A700F308C4 /* FeedViewController.swift in Sources */ = {isa = PBXBuildFile; fileRef = 6EC2729C2A41E4A700F308C4 /* FeedViewController.swift */; };
		6EC2729F2A41EF0400F308C4 /* FeedImageCell.swift in Sources */ = {isa = PBXBuildFile; fileRef = 6EC2729E2A41EF0400F308C4 /* FeedImageCell.swift */; };
		6EC272A12A41F53200F308C4 /* UIView+Shimmering.swift in Sources */ = {isa = PBXBuildFile; fileRef = 6EC272A02A41F53200F308C4 /* UIView+Shimmering.swift */; };
		6EC272A32A42DF0800F308C4 /* UIImage+TestHelpers.swift in Sources */ = {isa = PBXBuildFile; fileRef = 6EC272A22A42DF0800F308C4 /* UIImage+TestHelpers.swift */; };
		6EC272A62A42DF6D00F308C4 /* UIRefreshControl+TestHelpers.swift in Sources */ = {isa = PBXBuildFile; fileRef = 6EC272A52A42DF6D00F308C4 /* UIRefreshControl+TestHelpers.swift */; };
/* End PBXBuildFile section */

/* Begin PBXContainerItemProxy section */
		6EB734172A20CC7E0074E82B /* PBXContainerItemProxy */ = {
			isa = PBXContainerItemProxy;
			containerPortal = 6EB734022A20CC7E0074E82B /* Project object */;
			proxyType = 1;
			remoteGlobalIDString = 6EB7340A2A20CC7E0074E82B;
			remoteInfo = EssentialFeed;
		};
		6EB734442A279B540074E82B /* PBXContainerItemProxy */ = {
			isa = PBXContainerItemProxy;
			containerPortal = 6EB734022A20CC7E0074E82B /* Project object */;
			proxyType = 1;
			remoteGlobalIDString = 6EB7340A2A20CC7E0074E82B;
			remoteInfo = EssentialFeed;
		};
		6EC271B62A389CAA00F308C4 /* PBXContainerItemProxy */ = {
			isa = PBXContainerItemProxy;
			containerPortal = 6EB734022A20CC7E0074E82B /* Project object */;
			proxyType = 1;
			remoteGlobalIDString = 6EB7340A2A20CC7E0074E82B;
			remoteInfo = EssentialFeed;
		};
		6EC272872A4076DC00F308C4 /* PBXContainerItemProxy */ = {
			isa = PBXContainerItemProxy;
			containerPortal = 6EB734022A20CC7E0074E82B /* Project object */;
			proxyType = 1;
			remoteGlobalIDString = 6EC2727D2A4076DB00F308C4;
			remoteInfo = EssentialFeediOS;
		};
		6EC272982A41DE6900F308C4 /* PBXContainerItemProxy */ = {
			isa = PBXContainerItemProxy;
			containerPortal = 6EB734022A20CC7E0074E82B /* Project object */;
			proxyType = 1;
			remoteGlobalIDString = 6EB7340A2A20CC7E0074E82B;
			remoteInfo = EssentialFeed;
		};
/* End PBXContainerItemProxy section */

/* Begin PBXCopyFilesBuildPhase section */
		6EC2729A2A41DE6900F308C4 /* Embed Frameworks */ = {
			isa = PBXCopyFilesBuildPhase;
			buildActionMask = 2147483647;
			dstPath = "";
			dstSubfolderSpec = 10;
			files = (
				6EC272972A41DE6900F308C4 /* EssentialFeed.framework in Embed Frameworks */,
			);
			name = "Embed Frameworks";
			runOnlyForDeploymentPostprocessing = 0;
		};
/* End PBXCopyFilesBuildPhase section */

/* Begin PBXFileReference section */
		6EB7340B2A20CC7E0074E82B /* EssentialFeed.framework */ = {isa = PBXFileReference; explicitFileType = wrapper.framework; includeInIndex = 0; path = EssentialFeed.framework; sourceTree = BUILT_PRODUCTS_DIR; };
		6EB7340E2A20CC7E0074E82B /* EssentialFeed.h */ = {isa = PBXFileReference; lastKnownFileType = sourcecode.c.h; path = EssentialFeed.h; sourceTree = "<group>"; };
		6EB734152A20CC7E0074E82B /* EssentialFeedTests.xctest */ = {isa = PBXFileReference; explicitFileType = wrapper.cfbundle; includeInIndex = 0; path = EssentialFeedTests.xctest; sourceTree = BUILT_PRODUCTS_DIR; };
		6EB734252A20CC9F0074E82B /* LoadFeedFromRemoteUseCaseTests.swift */ = {isa = PBXFileReference; fileEncoding = 4; lastKnownFileType = sourcecode.swift; path = LoadFeedFromRemoteUseCaseTests.swift; sourceTree = "<group>"; };
		6EB734272A20CCAB0074E82B /* RemoteFeedLoader.swift */ = {isa = PBXFileReference; fileEncoding = 4; lastKnownFileType = sourcecode.swift; path = RemoteFeedLoader.swift; sourceTree = "<group>"; };
		6EB734292A20CCB80074E82B /* FeedLoader.swift */ = {isa = PBXFileReference; fileEncoding = 4; lastKnownFileType = sourcecode.swift; path = FeedLoader.swift; sourceTree = "<group>"; };
		6EB7342A2A20CCB80074E82B /* FeedItem.swift */ = {isa = PBXFileReference; fileEncoding = 4; lastKnownFileType = sourcecode.swift; path = FeedItem.swift; sourceTree = "<group>"; };
		6EB7342F2A24E1460074E82B /* HTTPClient.swift */ = {isa = PBXFileReference; lastKnownFileType = sourcecode.swift; path = HTTPClient.swift; sourceTree = "<group>"; };
		6EB734312A24E1BE0074E82B /* FeedItemsMapper.swift */ = {isa = PBXFileReference; lastKnownFileType = sourcecode.swift; path = FeedItemsMapper.swift; sourceTree = "<group>"; };
		6EB734342A2648DC0074E82B /* URLSessionHTTPClientTests.swift */ = {isa = PBXFileReference; lastKnownFileType = sourcecode.swift; path = URLSessionHTTPClientTests.swift; sourceTree = "<group>"; };
		6EB734362A277D7A0074E82B /* XCTestsCase+MemoryLeakTracking.swift */ = {isa = PBXFileReference; lastKnownFileType = sourcecode.swift; path = "XCTestsCase+MemoryLeakTracking.swift"; sourceTree = "<group>"; };
		6EB734392A2786840074E82B /* URLSessionHTTPClient.swift */ = {isa = PBXFileReference; lastKnownFileType = sourcecode.swift; path = URLSessionHTTPClient.swift; sourceTree = "<group>"; };
		6EB7343F2A279B540074E82B /* EssentialFeedAPIEndToEndTests.xctest */ = {isa = PBXFileReference; explicitFileType = wrapper.cfbundle; includeInIndex = 0; path = EssentialFeedAPIEndToEndTests.xctest; sourceTree = BUILT_PRODUCTS_DIR; };
		6EB734412A279B540074E82B /* EssentialFeedAPIEndToEndTests.swift */ = {isa = PBXFileReference; lastKnownFileType = sourcecode.swift; path = EssentialFeedAPIEndToEndTests.swift; sourceTree = "<group>"; };
		6EC271742A2E2E2A00F308C4 /* CacheFeedUseCaseTests.swift */ = {isa = PBXFileReference; lastKnownFileType = sourcecode.swift; path = CacheFeedUseCaseTests.swift; sourceTree = "<group>"; };
		6EC271772A2E433100F308C4 /* LocalFeedLoader.swift */ = {isa = PBXFileReference; lastKnownFileType = sourcecode.swift; path = LocalFeedLoader.swift; sourceTree = "<group>"; };
		6EC271792A2E439200F308C4 /* FeedStore.swift */ = {isa = PBXFileReference; lastKnownFileType = sourcecode.swift; path = FeedStore.swift; sourceTree = "<group>"; };
		6EC2717B2A2F1F0300F308C4 /* RemoteFeedItem.swift */ = {isa = PBXFileReference; lastKnownFileType = sourcecode.swift; path = RemoteFeedItem.swift; sourceTree = "<group>"; };
		6EC2717D2A2F1F3600F308C4 /* LocalFeedImage.swift */ = {isa = PBXFileReference; lastKnownFileType = sourcecode.swift; path = LocalFeedImage.swift; sourceTree = "<group>"; };
		6EC2717F2A2F679000F308C4 /* LoadFeedFromCacheUseCaseTests.swift */ = {isa = PBXFileReference; lastKnownFileType = sourcecode.swift; path = LoadFeedFromCacheUseCaseTests.swift; sourceTree = "<group>"; };
		6EC271822A2F67EA00F308C4 /* FeedStoreSpy.swift */ = {isa = PBXFileReference; lastKnownFileType = sourcecode.swift; path = FeedStoreSpy.swift; sourceTree = "<group>"; };
		6EC271842A320D2500F308C4 /* ValidateFeedCacheUseCaseTests.swift */ = {isa = PBXFileReference; lastKnownFileType = sourcecode.swift; path = ValidateFeedCacheUseCaseTests.swift; sourceTree = "<group>"; };
		6EC271862A32132D00F308C4 /* FeedCacheTestHelpers.swift */ = {isa = PBXFileReference; lastKnownFileType = sourcecode.swift; path = FeedCacheTestHelpers.swift; sourceTree = "<group>"; };
		6EC271882A32135700F308C4 /* SharedTestHelpers.swift */ = {isa = PBXFileReference; lastKnownFileType = sourcecode.swift; path = SharedTestHelpers.swift; sourceTree = "<group>"; };
		6EC2718A2A321EC500F308C4 /* FeedCachePolicy.swift */ = {isa = PBXFileReference; lastKnownFileType = sourcecode.swift; path = FeedCachePolicy.swift; sourceTree = "<group>"; };
		6EC271902A3367A700F308C4 /* FeedStoreSpecs.swift */ = {isa = PBXFileReference; lastKnownFileType = sourcecode.swift; path = FeedStoreSpecs.swift; sourceTree = "<group>"; };
		6EC271922A33683700F308C4 /* XCTestCase+FeedStoreSpecs.swift */ = {isa = PBXFileReference; lastKnownFileType = sourcecode.swift; path = "XCTestCase+FeedStoreSpecs.swift"; sourceTree = "<group>"; };
		6EC271942A33691E00F308C4 /* XCTestCase+FailableRetrieveFeedStoreSpecs.swift */ = {isa = PBXFileReference; lastKnownFileType = sourcecode.swift; path = "XCTestCase+FailableRetrieveFeedStoreSpecs.swift"; sourceTree = "<group>"; };
		6EC271962A3369C300F308C4 /* XCTestCase+FailableInsertFeedStoreSpecs.swift */ = {isa = PBXFileReference; lastKnownFileType = sourcecode.swift; path = "XCTestCase+FailableInsertFeedStoreSpecs.swift"; sourceTree = "<group>"; };
		6EC271982A336A3600F308C4 /* XCTestCase+FailableDeleteFeedStoreSpecs.swift */ = {isa = PBXFileReference; lastKnownFileType = sourcecode.swift; path = "XCTestCase+FailableDeleteFeedStoreSpecs.swift"; sourceTree = "<group>"; };
		6EC2719B2A38725200F308C4 /* CoreDataFeedStoreTests.swift */ = {isa = PBXFileReference; lastKnownFileType = sourcecode.swift; path = CoreDataFeedStoreTests.swift; sourceTree = "<group>"; };
		6EC2719E2A3872D600F308C4 /* CoreDataFeedStore.swift */ = {isa = PBXFileReference; lastKnownFileType = sourcecode.swift; path = CoreDataFeedStore.swift; sourceTree = "<group>"; };
		6EC271A12A38755B00F308C4 /* FeedStore.xcdatamodel */ = {isa = PBXFileReference; lastKnownFileType = wrapper.xcdatamodel; path = FeedStore.xcdatamodel; sourceTree = "<group>"; };
		6EC271A72A3886E200F308C4 /* CoreDataHelpers.swift */ = {isa = PBXFileReference; lastKnownFileType = sourcecode.swift; path = CoreDataHelpers.swift; sourceTree = "<group>"; };
		6EC271A92A38878500F308C4 /* ManagedCache.swift */ = {isa = PBXFileReference; lastKnownFileType = sourcecode.swift; path = ManagedCache.swift; sourceTree = "<group>"; };
		6EC271AB2A3887A000F308C4 /* ManagedFeedImage.swift */ = {isa = PBXFileReference; lastKnownFileType = sourcecode.swift; path = ManagedFeedImage.swift; sourceTree = "<group>"; };
		6EC271B12A389CAA00F308C4 /* EssentialFeedCacheIntegrationTests.xctest */ = {isa = PBXFileReference; explicitFileType = wrapper.cfbundle; includeInIndex = 0; path = EssentialFeedCacheIntegrationTests.xctest; sourceTree = BUILT_PRODUCTS_DIR; };
		6EC271B32A389CAA00F308C4 /* EssentialFeedCacheIntegrationTests.swift */ = {isa = PBXFileReference; lastKnownFileType = sourcecode.swift; path = EssentialFeedCacheIntegrationTests.swift; sourceTree = "<group>"; };
		6EC2727E2A4076DB00F308C4 /* EssentialFeediOS.framework */ = {isa = PBXFileReference; explicitFileType = wrapper.framework; includeInIndex = 0; path = EssentialFeediOS.framework; sourceTree = BUILT_PRODUCTS_DIR; };
		6EC272802A4076DC00F308C4 /* EssentialFeediOS.h */ = {isa = PBXFileReference; lastKnownFileType = sourcecode.c.h; path = EssentialFeediOS.h; sourceTree = "<group>"; };
		6EC272852A4076DC00F308C4 /* EssentialFeediOSTests.xctest */ = {isa = PBXFileReference; explicitFileType = wrapper.cfbundle; includeInIndex = 0; path = EssentialFeediOSTests.xctest; sourceTree = BUILT_PRODUCTS_DIR; };
		6EC272932A41DB5700F308C4 /* FeedViewControllerTests.swift */ = {isa = PBXFileReference; lastKnownFileType = sourcecode.swift; path = FeedViewControllerTests.swift; sourceTree = "<group>"; };
		6EC2729C2A41E4A700F308C4 /* FeedViewController.swift */ = {isa = PBXFileReference; lastKnownFileType = sourcecode.swift; path = FeedViewController.swift; sourceTree = "<group>"; };
		6EC2729E2A41EF0400F308C4 /* FeedImageCell.swift */ = {isa = PBXFileReference; lastKnownFileType = sourcecode.swift; path = FeedImageCell.swift; sourceTree = "<group>"; };
		6EC272A02A41F53200F308C4 /* UIView+Shimmering.swift */ = {isa = PBXFileReference; lastKnownFileType = sourcecode.swift; path = "UIView+Shimmering.swift"; sourceTree = "<group>"; };
		6EC272A22A42DF0800F308C4 /* UIImage+TestHelpers.swift */ = {isa = PBXFileReference; lastKnownFileType = sourcecode.swift; path = "UIImage+TestHelpers.swift"; sourceTree = "<group>"; };
		6EC272A52A42DF6D00F308C4 /* UIRefreshControl+TestHelpers.swift */ = {isa = PBXFileReference; lastKnownFileType = sourcecode.swift; path = "UIRefreshControl+TestHelpers.swift"; sourceTree = "<group>"; };
/* End PBXFileReference section */

/* Begin PBXFrameworksBuildPhase section */
		6EB734082A20CC7E0074E82B /* Frameworks */ = {
			isa = PBXFrameworksBuildPhase;
			buildActionMask = 2147483647;
			files = (
			);
			runOnlyForDeploymentPostprocessing = 0;
		};
		6EB734122A20CC7E0074E82B /* Frameworks */ = {
			isa = PBXFrameworksBuildPhase;
			buildActionMask = 2147483647;
			files = (
				6EB734162A20CC7E0074E82B /* EssentialFeed.framework in Frameworks */,
			);
			runOnlyForDeploymentPostprocessing = 0;
		};
		6EB7343C2A279B540074E82B /* Frameworks */ = {
			isa = PBXFrameworksBuildPhase;
			buildActionMask = 2147483647;
			files = (
				6EB734432A279B540074E82B /* EssentialFeed.framework in Frameworks */,
			);
			runOnlyForDeploymentPostprocessing = 0;
		};
		6EC271AE2A389CAA00F308C4 /* Frameworks */ = {
			isa = PBXFrameworksBuildPhase;
			buildActionMask = 2147483647;
			files = (
				6EC271B52A389CAA00F308C4 /* EssentialFeed.framework in Frameworks */,
			);
			runOnlyForDeploymentPostprocessing = 0;
		};
		6EC2727B2A4076DB00F308C4 /* Frameworks */ = {
			isa = PBXFrameworksBuildPhase;
			buildActionMask = 2147483647;
			files = (
				6EC272962A41DE6900F308C4 /* EssentialFeed.framework in Frameworks */,
			);
			runOnlyForDeploymentPostprocessing = 0;
		};
		6EC272822A4076DC00F308C4 /* Frameworks */ = {
			isa = PBXFrameworksBuildPhase;
			buildActionMask = 2147483647;
			files = (
				6EC272862A4076DC00F308C4 /* EssentialFeediOS.framework in Frameworks */,
			);
			runOnlyForDeploymentPostprocessing = 0;
		};
/* End PBXFrameworksBuildPhase section */

/* Begin PBXGroup section */
		6EB734012A20CC7E0074E82B = {
			isa = PBXGroup;
			children = (
				6EB7340D2A20CC7E0074E82B /* EssentialFeed */,
				6EB734192A20CC7E0074E82B /* EssentialFeedTests */,
				6EB734402A279B540074E82B /* EssentialFeedAPIEndToEndTests */,
				6EC271B22A389CAA00F308C4 /* EssentialFeedCacheIntegrationTests */,
				6EC2727F2A4076DC00F308C4 /* EssentialFeediOS */,
				6EC272892A4076DC00F308C4 /* EssentialFeediOSTests */,
				6EB7340C2A20CC7E0074E82B /* Products */,
				6EC272952A41DE6900F308C4 /* Frameworks */,
			);
			sourceTree = "<group>";
		};
		6EB7340C2A20CC7E0074E82B /* Products */ = {
			isa = PBXGroup;
			children = (
				6EB7340B2A20CC7E0074E82B /* EssentialFeed.framework */,
				6EB734152A20CC7E0074E82B /* EssentialFeedTests.xctest */,
				6EB7343F2A279B540074E82B /* EssentialFeedAPIEndToEndTests.xctest */,
				6EC271B12A389CAA00F308C4 /* EssentialFeedCacheIntegrationTests.xctest */,
				6EC2727E2A4076DB00F308C4 /* EssentialFeediOS.framework */,
				6EC272852A4076DC00F308C4 /* EssentialFeediOSTests.xctest */,
			);
			name = Products;
			sourceTree = "<group>";
		};
		6EB7340D2A20CC7E0074E82B /* EssentialFeed */ = {
			isa = PBXGroup;
			children = (
				6EB7340E2A20CC7E0074E82B /* EssentialFeed.h */,
				6EC271762A2E431C00F308C4 /* Feed Cache */,
				6EB7342E2A20CCE30074E82B /* Feed Feature */,
				6EB7342D2A20CCD90074E82B /* FeedAPI */,
			);
			path = EssentialFeed;
			sourceTree = "<group>";
		};
		6EB734192A20CC7E0074E82B /* EssentialFeedTests */ = {
			isa = PBXGroup;
			children = (
				6EB734332A24E50E0074E82B /* Feed API */,
				6EC271732A2E2E1700F308C4 /* Feed Cache */,
				6EB734382A277D7F0074E82B /* Helpers */,
			);
			path = EssentialFeedTests;
			sourceTree = "<group>";
		};
		6EB7342D2A20CCD90074E82B /* FeedAPI */ = {
			isa = PBXGroup;
			children = (
				6EB734312A24E1BE0074E82B /* FeedItemsMapper.swift */,
				6EB7342F2A24E1460074E82B /* HTTPClient.swift */,
				6EC2717B2A2F1F0300F308C4 /* RemoteFeedItem.swift */,
				6EB734272A20CCAB0074E82B /* RemoteFeedLoader.swift */,
				6EB734392A2786840074E82B /* URLSessionHTTPClient.swift */,
			);
			path = FeedAPI;
			sourceTree = "<group>";
		};
		6EB7342E2A20CCE30074E82B /* Feed Feature */ = {
			isa = PBXGroup;
			children = (
				6EB7342A2A20CCB80074E82B /* FeedItem.swift */,
				6EB734292A20CCB80074E82B /* FeedLoader.swift */,
			);
			path = "Feed Feature";
			sourceTree = "<group>";
		};
		6EB734332A24E50E0074E82B /* Feed API */ = {
			isa = PBXGroup;
			children = (
				6EB734252A20CC9F0074E82B /* LoadFeedFromRemoteUseCaseTests.swift */,
				6EB734342A2648DC0074E82B /* URLSessionHTTPClientTests.swift */,
			);
			path = "Feed API";
			sourceTree = "<group>";
		};
		6EB734382A277D7F0074E82B /* Helpers */ = {
			isa = PBXGroup;
			children = (
				6EC271882A32135700F308C4 /* SharedTestHelpers.swift */,
				6EB734362A277D7A0074E82B /* XCTestsCase+MemoryLeakTracking.swift */,
			);
			path = Helpers;
			sourceTree = "<group>";
		};
		6EB734402A279B540074E82B /* EssentialFeedAPIEndToEndTests */ = {
			isa = PBXGroup;
			children = (
				6EB734412A279B540074E82B /* EssentialFeedAPIEndToEndTests.swift */,
			);
			path = EssentialFeedAPIEndToEndTests;
			sourceTree = "<group>";
		};
		6EC271732A2E2E1700F308C4 /* Feed Cache */ = {
			isa = PBXGroup;
			children = (
				6EC2719A2A336ABA00F308C4 /* FeedStoreSpecs */,
				6EC271812A2F67DE00F308C4 /* Helpers */,
				6EC271742A2E2E2A00F308C4 /* CacheFeedUseCaseTests.swift */,
				6EC2719B2A38725200F308C4 /* CoreDataFeedStoreTests.swift */,
				6EC2717F2A2F679000F308C4 /* LoadFeedFromCacheUseCaseTests.swift */,
				6EC271842A320D2500F308C4 /* ValidateFeedCacheUseCaseTests.swift */,
			);
			path = "Feed Cache";
			sourceTree = "<group>";
		};
		6EC271762A2E431C00F308C4 /* Feed Cache */ = {
			isa = PBXGroup;
			children = (
				6EC271A32A38860400F308C4 /* Infrastructure */,
				6EC2718A2A321EC500F308C4 /* FeedCachePolicy.swift */,
				6EC271792A2E439200F308C4 /* FeedStore.swift */,
				6EC2717D2A2F1F3600F308C4 /* LocalFeedImage.swift */,
				6EC271772A2E433100F308C4 /* LocalFeedLoader.swift */,
			);
			path = "Feed Cache";
			sourceTree = "<group>";
		};
		6EC271812A2F67DE00F308C4 /* Helpers */ = {
			isa = PBXGroup;
			children = (
				6EC271862A32132D00F308C4 /* FeedCacheTestHelpers.swift */,
				6EC271822A2F67EA00F308C4 /* FeedStoreSpy.swift */,
			);
			path = Helpers;
			sourceTree = "<group>";
		};
		6EC2719A2A336ABA00F308C4 /* FeedStoreSpecs */ = {
			isa = PBXGroup;
			children = (
				6EC271902A3367A700F308C4 /* FeedStoreSpecs.swift */,
				6EC271982A336A3600F308C4 /* XCTestCase+FailableDeleteFeedStoreSpecs.swift */,
				6EC271962A3369C300F308C4 /* XCTestCase+FailableInsertFeedStoreSpecs.swift */,
				6EC271942A33691E00F308C4 /* XCTestCase+FailableRetrieveFeedStoreSpecs.swift */,
				6EC271922A33683700F308C4 /* XCTestCase+FeedStoreSpecs.swift */,
			);
			path = FeedStoreSpecs;
			sourceTree = "<group>";
		};
		6EC271A32A38860400F308C4 /* Infrastructure */ = {
			isa = PBXGroup;
			children = (
				6EC271A42A38865F00F308C4 /* CoreData */,
			);
			path = Infrastructure;
			sourceTree = "<group>";
		};
		6EC271A42A38865F00F308C4 /* CoreData */ = {
			isa = PBXGroup;
			children = (
				6EC2719E2A3872D600F308C4 /* CoreDataFeedStore.swift */,
				6EC271A72A3886E200F308C4 /* CoreDataHelpers.swift */,
				6EC271A02A38755B00F308C4 /* FeedStore.xcdatamodeld */,
				6EC271A92A38878500F308C4 /* ManagedCache.swift */,
				6EC271AB2A3887A000F308C4 /* ManagedFeedImage.swift */,
			);
			path = CoreData;
			sourceTree = "<group>";
		};
		6EC271B22A389CAA00F308C4 /* EssentialFeedCacheIntegrationTests */ = {
			isa = PBXGroup;
			children = (
				6EC271B32A389CAA00F308C4 /* EssentialFeedCacheIntegrationTests.swift */,
			);
			path = EssentialFeedCacheIntegrationTests;
			sourceTree = "<group>";
		};
		6EC2727F2A4076DC00F308C4 /* EssentialFeediOS */ = {
			isa = PBXGroup;
			children = (
				6EC272802A4076DC00F308C4 /* EssentialFeediOS.h */,
				6EC2729E2A41EF0400F308C4 /* FeedImageCell.swift */,
				6EC2729C2A41E4A700F308C4 /* FeedViewController.swift */,
				6EC272A02A41F53200F308C4 /* UIView+Shimmering.swift */,
			);
			path = EssentialFeediOS;
			sourceTree = "<group>";
		};
		6EC272892A4076DC00F308C4 /* EssentialFeediOSTests */ = {
			isa = PBXGroup;
			children = (
				6EC272932A41DB5700F308C4 /* FeedViewControllerTests.swift */,
				6EC272A42A42DF0C00F308C4 /* Helpers */,
			);
			path = EssentialFeediOSTests;
			sourceTree = "<group>";
		};
		6EC272952A41DE6900F308C4 /* Frameworks */ = {
			isa = PBXGroup;
			children = (
			);
			name = Frameworks;
			sourceTree = "<group>";
		};
		6EC272A42A42DF0C00F308C4 /* Helpers */ = {
			isa = PBXGroup;
			children = (
				6EC272A22A42DF0800F308C4 /* UIImage+TestHelpers.swift */,
				6EC272A52A42DF6D00F308C4 /* UIRefreshControl+TestHelpers.swift */,
			);
			path = Helpers;
			sourceTree = "<group>";
		};
/* End PBXGroup section */

/* Begin PBXHeadersBuildPhase section */
		6EB734062A20CC7E0074E82B /* Headers */ = {
			isa = PBXHeadersBuildPhase;
			buildActionMask = 2147483647;
			files = (
				6EB7341C2A20CC7E0074E82B /* EssentialFeed.h in Headers */,
			);
			runOnlyForDeploymentPostprocessing = 0;
		};
		6EC272792A4076DB00F308C4 /* Headers */ = {
			isa = PBXHeadersBuildPhase;
			buildActionMask = 2147483647;
			files = (
				6EC2728C2A4076DC00F308C4 /* EssentialFeediOS.h in Headers */,
			);
			runOnlyForDeploymentPostprocessing = 0;
		};
/* End PBXHeadersBuildPhase section */

/* Begin PBXNativeTarget section */
		6EB7340A2A20CC7E0074E82B /* EssentialFeed */ = {
			isa = PBXNativeTarget;
			buildConfigurationList = 6EB7341F2A20CC7E0074E82B /* Build configuration list for PBXNativeTarget "EssentialFeed" */;
			buildPhases = (
				6EB734062A20CC7E0074E82B /* Headers */,
				6EB734072A20CC7E0074E82B /* Sources */,
				6EB734082A20CC7E0074E82B /* Frameworks */,
				6EB734092A20CC7E0074E82B /* Resources */,
			);
			buildRules = (
			);
			dependencies = (
			);
			name = EssentialFeed;
			productName = EssentialFeed;
			productReference = 6EB7340B2A20CC7E0074E82B /* EssentialFeed.framework */;
			productType = "com.apple.product-type.framework";
		};
		6EB734142A20CC7E0074E82B /* EssentialFeedTests */ = {
			isa = PBXNativeTarget;
			buildConfigurationList = 6EB734222A20CC7E0074E82B /* Build configuration list for PBXNativeTarget "EssentialFeedTests" */;
			buildPhases = (
				6EB734112A20CC7E0074E82B /* Sources */,
				6EB734122A20CC7E0074E82B /* Frameworks */,
				6EB734132A20CC7E0074E82B /* Resources */,
			);
			buildRules = (
			);
			dependencies = (
				6EB734182A20CC7E0074E82B /* PBXTargetDependency */,
			);
			name = EssentialFeedTests;
			productName = EssentialFeedTests;
			productReference = 6EB734152A20CC7E0074E82B /* EssentialFeedTests.xctest */;
			productType = "com.apple.product-type.bundle.unit-test";
		};
		6EB7343E2A279B540074E82B /* EssentialFeedAPIEndToEndTests */ = {
			isa = PBXNativeTarget;
			buildConfigurationList = 6EB734462A279B540074E82B /* Build configuration list for PBXNativeTarget "EssentialFeedAPIEndToEndTests" */;
			buildPhases = (
				6EB7343B2A279B540074E82B /* Sources */,
				6EB7343C2A279B540074E82B /* Frameworks */,
				6EB7343D2A279B540074E82B /* Resources */,
			);
			buildRules = (
			);
			dependencies = (
				6EB734452A279B540074E82B /* PBXTargetDependency */,
			);
			name = EssentialFeedAPIEndToEndTests;
			productName = EssentialFeedAPIEndToEndTests;
			productReference = 6EB7343F2A279B540074E82B /* EssentialFeedAPIEndToEndTests.xctest */;
			productType = "com.apple.product-type.bundle.unit-test";
		};
		6EC271B02A389CAA00F308C4 /* EssentialFeedCacheIntegrationTests */ = {
			isa = PBXNativeTarget;
			buildConfigurationList = 6EC271B82A389CAA00F308C4 /* Build configuration list for PBXNativeTarget "EssentialFeedCacheIntegrationTests" */;
			buildPhases = (
				6EC271AD2A389CAA00F308C4 /* Sources */,
				6EC271AE2A389CAA00F308C4 /* Frameworks */,
				6EC271AF2A389CAA00F308C4 /* Resources */,
			);
			buildRules = (
			);
			dependencies = (
				6EC271B72A389CAA00F308C4 /* PBXTargetDependency */,
			);
			name = EssentialFeedCacheIntegrationTests;
			productName = EssentialFeedCacheIntegrationTests;
			productReference = 6EC271B12A389CAA00F308C4 /* EssentialFeedCacheIntegrationTests.xctest */;
			productType = "com.apple.product-type.bundle.unit-test";
		};
		6EC2727D2A4076DB00F308C4 /* EssentialFeediOS */ = {
			isa = PBXNativeTarget;
			buildConfigurationList = 6EC272912A4076DC00F308C4 /* Build configuration list for PBXNativeTarget "EssentialFeediOS" */;
			buildPhases = (
				6EC272792A4076DB00F308C4 /* Headers */,
				6EC2727A2A4076DB00F308C4 /* Sources */,
				6EC2727B2A4076DB00F308C4 /* Frameworks */,
				6EC2727C2A4076DB00F308C4 /* Resources */,
				6EC2729A2A41DE6900F308C4 /* Embed Frameworks */,
			);
			buildRules = (
			);
			dependencies = (
				6EC272992A41DE6900F308C4 /* PBXTargetDependency */,
			);
			name = EssentialFeediOS;
			productName = EssentialFeediOS;
			productReference = 6EC2727E2A4076DB00F308C4 /* EssentialFeediOS.framework */;
			productType = "com.apple.product-type.framework";
		};
		6EC272842A4076DC00F308C4 /* EssentialFeediOSTests */ = {
			isa = PBXNativeTarget;
			buildConfigurationList = 6EC272922A4076DC00F308C4 /* Build configuration list for PBXNativeTarget "EssentialFeediOSTests" */;
			buildPhases = (
				6EC272812A4076DC00F308C4 /* Sources */,
				6EC272822A4076DC00F308C4 /* Frameworks */,
				6EC272832A4076DC00F308C4 /* Resources */,
			);
			buildRules = (
			);
			dependencies = (
				6EC272882A4076DC00F308C4 /* PBXTargetDependency */,
			);
			name = EssentialFeediOSTests;
			productName = EssentialFeediOSTests;
			productReference = 6EC272852A4076DC00F308C4 /* EssentialFeediOSTests.xctest */;
			productType = "com.apple.product-type.bundle.unit-test";
		};
/* End PBXNativeTarget section */

/* Begin PBXProject section */
		6EB734022A20CC7E0074E82B /* Project object */ = {
			isa = PBXProject;
			attributes = {
				BuildIndependentTargetsInParallel = 1;
				LastSwiftUpdateCheck = 1400;
				LastUpgradeCheck = 1400;
				TargetAttributes = {
					6EB7340A2A20CC7E0074E82B = {
						CreatedOnToolsVersion = 14.0.1;
					};
					6EB734142A20CC7E0074E82B = {
						CreatedOnToolsVersion = 14.0.1;
					};
					6EB7343E2A279B540074E82B = {
						CreatedOnToolsVersion = 14.0.1;
					};
					6EC271B02A389CAA00F308C4 = {
						CreatedOnToolsVersion = 14.0.1;
					};
					6EC2727D2A4076DB00F308C4 = {
						CreatedOnToolsVersion = 14.0.1;
						LastSwiftMigration = 1400;
					};
					6EC272842A4076DC00F308C4 = {
						CreatedOnToolsVersion = 14.0.1;
					};
				};
			};
			buildConfigurationList = 6EB734052A20CC7E0074E82B /* Build configuration list for PBXProject "EssentialFeed" */;
			compatibilityVersion = "Xcode 14.0";
			developmentRegion = en;
			hasScannedForEncodings = 0;
			knownRegions = (
				en,
				Base,
			);
			mainGroup = 6EB734012A20CC7E0074E82B;
			productRefGroup = 6EB7340C2A20CC7E0074E82B /* Products */;
			projectDirPath = "";
			projectRoot = "";
			targets = (
				6EB7340A2A20CC7E0074E82B /* EssentialFeed */,
				6EB734142A20CC7E0074E82B /* EssentialFeedTests */,
				6EB7343E2A279B540074E82B /* EssentialFeedAPIEndToEndTests */,
				6EC271B02A389CAA00F308C4 /* EssentialFeedCacheIntegrationTests */,
				6EC2727D2A4076DB00F308C4 /* EssentialFeediOS */,
				6EC272842A4076DC00F308C4 /* EssentialFeediOSTests */,
			);
		};
/* End PBXProject section */

/* Begin PBXResourcesBuildPhase section */
		6EB734092A20CC7E0074E82B /* Resources */ = {
			isa = PBXResourcesBuildPhase;
			buildActionMask = 2147483647;
			files = (
			);
			runOnlyForDeploymentPostprocessing = 0;
		};
		6EB734132A20CC7E0074E82B /* Resources */ = {
			isa = PBXResourcesBuildPhase;
			buildActionMask = 2147483647;
			files = (
			);
			runOnlyForDeploymentPostprocessing = 0;
		};
		6EB7343D2A279B540074E82B /* Resources */ = {
			isa = PBXResourcesBuildPhase;
			buildActionMask = 2147483647;
			files = (
			);
			runOnlyForDeploymentPostprocessing = 0;
		};
		6EC271AF2A389CAA00F308C4 /* Resources */ = {
			isa = PBXResourcesBuildPhase;
			buildActionMask = 2147483647;
			files = (
			);
			runOnlyForDeploymentPostprocessing = 0;
		};
		6EC2727C2A4076DB00F308C4 /* Resources */ = {
			isa = PBXResourcesBuildPhase;
			buildActionMask = 2147483647;
			files = (
			);
			runOnlyForDeploymentPostprocessing = 0;
		};
		6EC272832A4076DC00F308C4 /* Resources */ = {
			isa = PBXResourcesBuildPhase;
			buildActionMask = 2147483647;
			files = (
			);
			runOnlyForDeploymentPostprocessing = 0;
		};
/* End PBXResourcesBuildPhase section */

/* Begin PBXSourcesBuildPhase section */
		6EB734072A20CC7E0074E82B /* Sources */ = {
			isa = PBXSourcesBuildPhase;
			buildActionMask = 2147483647;
			files = (
				6EC271A82A3886E200F308C4 /* CoreDataHelpers.swift in Sources */,
				6EB7343A2A2786840074E82B /* URLSessionHTTPClient.swift in Sources */,
				6EB7342C2A20CCB80074E82B /* FeedItem.swift in Sources */,
				6EC2717C2A2F1F0300F308C4 /* RemoteFeedItem.swift in Sources */,
				6EC2718B2A321EC500F308C4 /* FeedCachePolicy.swift in Sources */,
				6EB734302A24E1460074E82B /* HTTPClient.swift in Sources */,
				6EC271A22A38755B00F308C4 /* FeedStore.xcdatamodeld in Sources */,
				6EC2717E2A2F1F3600F308C4 /* LocalFeedImage.swift in Sources */,
				6EC2717A2A2E439200F308C4 /* FeedStore.swift in Sources */,
				6EC271782A2E433100F308C4 /* LocalFeedLoader.swift in Sources */,
				6EB7342B2A20CCB80074E82B /* FeedLoader.swift in Sources */,
				6EB734322A24E1BE0074E82B /* FeedItemsMapper.swift in Sources */,
				6EB734282A20CCAB0074E82B /* RemoteFeedLoader.swift in Sources */,
				6EC271AA2A38878500F308C4 /* ManagedCache.swift in Sources */,
				6EC2719F2A3872D600F308C4 /* CoreDataFeedStore.swift in Sources */,
				6EC271AC2A3887A000F308C4 /* ManagedFeedImage.swift in Sources */,
			);
			runOnlyForDeploymentPostprocessing = 0;
		};
		6EB734112A20CC7E0074E82B /* Sources */ = {
			isa = PBXSourcesBuildPhase;
			buildActionMask = 2147483647;
			files = (
				6EC271872A32132D00F308C4 /* FeedCacheTestHelpers.swift in Sources */,
				6EC271852A320D2500F308C4 /* ValidateFeedCacheUseCaseTests.swift in Sources */,
				6EB734262A20CC9F0074E82B /* LoadFeedFromRemoteUseCaseTests.swift in Sources */,
				6EC271972A3369C300F308C4 /* XCTestCase+FailableInsertFeedStoreSpecs.swift in Sources */,
				6EB734372A277D7A0074E82B /* XCTestsCase+MemoryLeakTracking.swift in Sources */,
				6EC271832A2F67EA00F308C4 /* FeedStoreSpy.swift in Sources */,
				6EC271892A32135700F308C4 /* SharedTestHelpers.swift in Sources */,
				6EC271752A2E2E2A00F308C4 /* CacheFeedUseCaseTests.swift in Sources */,
				6EC271992A336A3600F308C4 /* XCTestCase+FailableDeleteFeedStoreSpecs.swift in Sources */,
				6EC271952A33691E00F308C4 /* XCTestCase+FailableRetrieveFeedStoreSpecs.swift in Sources */,
				6EC271802A2F679000F308C4 /* LoadFeedFromCacheUseCaseTests.swift in Sources */,
				6EC271912A3367A700F308C4 /* FeedStoreSpecs.swift in Sources */,
				6EB734352A2648DC0074E82B /* URLSessionHTTPClientTests.swift in Sources */,
				6EC2719C2A38725200F308C4 /* CoreDataFeedStoreTests.swift in Sources */,
				6EC271932A33683700F308C4 /* XCTestCase+FeedStoreSpecs.swift in Sources */,
			);
			runOnlyForDeploymentPostprocessing = 0;
		};
		6EB7343B2A279B540074E82B /* Sources */ = {
			isa = PBXSourcesBuildPhase;
			buildActionMask = 2147483647;
			files = (
				6EB734422A279B540074E82B /* EssentialFeedAPIEndToEndTests.swift in Sources */,
				6EC271722A279EF800F308C4 /* XCTestsCase+MemoryLeakTracking.swift in Sources */,
			);
			runOnlyForDeploymentPostprocessing = 0;
		};
		6EC271AD2A389CAA00F308C4 /* Sources */ = {
			isa = PBXSourcesBuildPhase;
			buildActionMask = 2147483647;
			files = (
				6EC271BD2A389E4100F308C4 /* FeedCacheTestHelpers.swift in Sources */,
				6EC271B42A389CAA00F308C4 /* EssentialFeedCacheIntegrationTests.swift in Sources */,
				6EC271BB2A389D3400F308C4 /* XCTestsCase+MemoryLeakTracking.swift in Sources */,
				6EC271BC2A389E3800F308C4 /* SharedTestHelpers.swift in Sources */,
			);
			runOnlyForDeploymentPostprocessing = 0;
		};
		6EC2727A2A4076DB00F308C4 /* Sources */ = {
			isa = PBXSourcesBuildPhase;
			buildActionMask = 2147483647;
			files = (
				6EC272A12A41F53200F308C4 /* UIView+Shimmering.swift in Sources */,
				6EC2729D2A41E4A700F308C4 /* FeedViewController.swift in Sources */,
				6EC2729F2A41EF0400F308C4 /* FeedImageCell.swift in Sources */,
			);
			runOnlyForDeploymentPostprocessing = 0;
		};
		6EC272812A4076DC00F308C4 /* Sources */ = {
			isa = PBXSourcesBuildPhase;
			buildActionMask = 2147483647;
			files = (
				6EC272942A41DB5700F308C4 /* FeedViewControllerTests.swift in Sources */,
				6EC272A62A42DF6D00F308C4 /* UIRefreshControl+TestHelpers.swift in Sources */,
				6EC2729B2A41DFB500F308C4 /* XCTestsCase+MemoryLeakTracking.swift in Sources */,
				6EC272A32A42DF0800F308C4 /* UIImage+TestHelpers.swift in Sources */,
			);
			runOnlyForDeploymentPostprocessing = 0;
		};
/* End PBXSourcesBuildPhase section */

/* Begin PBXTargetDependency section */
		6EB734182A20CC7E0074E82B /* PBXTargetDependency */ = {
			isa = PBXTargetDependency;
			target = 6EB7340A2A20CC7E0074E82B /* EssentialFeed */;
			targetProxy = 6EB734172A20CC7E0074E82B /* PBXContainerItemProxy */;
		};
		6EB734452A279B540074E82B /* PBXTargetDependency */ = {
			isa = PBXTargetDependency;
			target = 6EB7340A2A20CC7E0074E82B /* EssentialFeed */;
			targetProxy = 6EB734442A279B540074E82B /* PBXContainerItemProxy */;
		};
		6EC271B72A389CAA00F308C4 /* PBXTargetDependency */ = {
			isa = PBXTargetDependency;
			target = 6EB7340A2A20CC7E0074E82B /* EssentialFeed */;
			targetProxy = 6EC271B62A389CAA00F308C4 /* PBXContainerItemProxy */;
		};
		6EC272882A4076DC00F308C4 /* PBXTargetDependency */ = {
			isa = PBXTargetDependency;
			target = 6EC2727D2A4076DB00F308C4 /* EssentialFeediOS */;
			targetProxy = 6EC272872A4076DC00F308C4 /* PBXContainerItemProxy */;
		};
		6EC272992A41DE6900F308C4 /* PBXTargetDependency */ = {
			isa = PBXTargetDependency;
			platformFilter = ios;
			target = 6EB7340A2A20CC7E0074E82B /* EssentialFeed */;
			targetProxy = 6EC272982A41DE6900F308C4 /* PBXContainerItemProxy */;
		};
/* End PBXTargetDependency section */

/* Begin XCBuildConfiguration section */
		6EB7341D2A20CC7E0074E82B /* Debug */ = {
			isa = XCBuildConfiguration;
			buildSettings = {
				ALWAYS_SEARCH_USER_PATHS = NO;
				CLANG_ANALYZER_NONNULL = YES;
				CLANG_ANALYZER_NUMBER_OBJECT_CONVERSION = YES_AGGRESSIVE;
				CLANG_CXX_LANGUAGE_STANDARD = "gnu++20";
				CLANG_ENABLE_MODULES = YES;
				CLANG_ENABLE_OBJC_ARC = YES;
				CLANG_ENABLE_OBJC_WEAK = YES;
				CLANG_WARN_BLOCK_CAPTURE_AUTORELEASING = YES;
				CLANG_WARN_BOOL_CONVERSION = YES;
				CLANG_WARN_COMMA = YES;
				CLANG_WARN_CONSTANT_CONVERSION = YES;
				CLANG_WARN_DEPRECATED_OBJC_IMPLEMENTATIONS = YES;
				CLANG_WARN_DIRECT_OBJC_ISA_USAGE = YES_ERROR;
				CLANG_WARN_DOCUMENTATION_COMMENTS = YES;
				CLANG_WARN_EMPTY_BODY = YES;
				CLANG_WARN_ENUM_CONVERSION = YES;
				CLANG_WARN_INFINITE_RECURSION = YES;
				CLANG_WARN_INT_CONVERSION = YES;
				CLANG_WARN_NON_LITERAL_NULL_CONVERSION = YES;
				CLANG_WARN_OBJC_IMPLICIT_RETAIN_SELF = YES;
				CLANG_WARN_OBJC_LITERAL_CONVERSION = YES;
				CLANG_WARN_OBJC_ROOT_CLASS = YES_ERROR;
				CLANG_WARN_QUOTED_INCLUDE_IN_FRAMEWORK_HEADER = YES;
				CLANG_WARN_RANGE_LOOP_ANALYSIS = YES;
				CLANG_WARN_STRICT_PROTOTYPES = YES;
				CLANG_WARN_SUSPICIOUS_MOVE = YES;
				CLANG_WARN_UNGUARDED_AVAILABILITY = YES_AGGRESSIVE;
				CLANG_WARN_UNREACHABLE_CODE = YES;
				CLANG_WARN__DUPLICATE_METHOD_MATCH = YES;
				COPY_PHASE_STRIP = NO;
				CURRENT_PROJECT_VERSION = 1;
				DEBUG_INFORMATION_FORMAT = dwarf;
				ENABLE_STRICT_OBJC_MSGSEND = YES;
				ENABLE_TESTABILITY = YES;
				GCC_C_LANGUAGE_STANDARD = gnu11;
				GCC_DYNAMIC_NO_PIC = NO;
				GCC_NO_COMMON_BLOCKS = YES;
				GCC_OPTIMIZATION_LEVEL = 0;
				GCC_PREPROCESSOR_DEFINITIONS = (
					"DEBUG=1",
					"$(inherited)",
				);
				GCC_WARN_64_TO_32_BIT_CONVERSION = YES;
				GCC_WARN_ABOUT_RETURN_TYPE = YES_ERROR;
				GCC_WARN_UNDECLARED_SELECTOR = YES;
				GCC_WARN_UNINITIALIZED_AUTOS = YES_AGGRESSIVE;
				GCC_WARN_UNUSED_FUNCTION = YES;
				GCC_WARN_UNUSED_VARIABLE = YES;
				IPHONEOS_DEPLOYMENT_TARGET = 16.0;
				MACOSX_DEPLOYMENT_TARGET = 12.3;
				MTL_ENABLE_DEBUG_INFO = INCLUDE_SOURCE;
				MTL_FAST_MATH = YES;
				ONLY_ACTIVE_ARCH = YES;
				SDKROOT = macosx;
				SWIFT_ACTIVE_COMPILATION_CONDITIONS = DEBUG;
				SWIFT_OPTIMIZATION_LEVEL = "-Onone";
				VERSIONING_SYSTEM = "apple-generic";
				VERSION_INFO_PREFIX = "";
			};
			name = Debug;
		};
		6EB7341E2A20CC7E0074E82B /* Release */ = {
			isa = XCBuildConfiguration;
			buildSettings = {
				ALWAYS_SEARCH_USER_PATHS = NO;
				CLANG_ANALYZER_NONNULL = YES;
				CLANG_ANALYZER_NUMBER_OBJECT_CONVERSION = YES_AGGRESSIVE;
				CLANG_CXX_LANGUAGE_STANDARD = "gnu++20";
				CLANG_ENABLE_MODULES = YES;
				CLANG_ENABLE_OBJC_ARC = YES;
				CLANG_ENABLE_OBJC_WEAK = YES;
				CLANG_WARN_BLOCK_CAPTURE_AUTORELEASING = YES;
				CLANG_WARN_BOOL_CONVERSION = YES;
				CLANG_WARN_COMMA = YES;
				CLANG_WARN_CONSTANT_CONVERSION = YES;
				CLANG_WARN_DEPRECATED_OBJC_IMPLEMENTATIONS = YES;
				CLANG_WARN_DIRECT_OBJC_ISA_USAGE = YES_ERROR;
				CLANG_WARN_DOCUMENTATION_COMMENTS = YES;
				CLANG_WARN_EMPTY_BODY = YES;
				CLANG_WARN_ENUM_CONVERSION = YES;
				CLANG_WARN_INFINITE_RECURSION = YES;
				CLANG_WARN_INT_CONVERSION = YES;
				CLANG_WARN_NON_LITERAL_NULL_CONVERSION = YES;
				CLANG_WARN_OBJC_IMPLICIT_RETAIN_SELF = YES;
				CLANG_WARN_OBJC_LITERAL_CONVERSION = YES;
				CLANG_WARN_OBJC_ROOT_CLASS = YES_ERROR;
				CLANG_WARN_QUOTED_INCLUDE_IN_FRAMEWORK_HEADER = YES;
				CLANG_WARN_RANGE_LOOP_ANALYSIS = YES;
				CLANG_WARN_STRICT_PROTOTYPES = YES;
				CLANG_WARN_SUSPICIOUS_MOVE = YES;
				CLANG_WARN_UNGUARDED_AVAILABILITY = YES_AGGRESSIVE;
				CLANG_WARN_UNREACHABLE_CODE = YES;
				CLANG_WARN__DUPLICATE_METHOD_MATCH = YES;
				COPY_PHASE_STRIP = NO;
				CURRENT_PROJECT_VERSION = 1;
				DEBUG_INFORMATION_FORMAT = "dwarf-with-dsym";
				ENABLE_NS_ASSERTIONS = NO;
				ENABLE_STRICT_OBJC_MSGSEND = YES;
				GCC_C_LANGUAGE_STANDARD = gnu11;
				GCC_NO_COMMON_BLOCKS = YES;
				GCC_WARN_64_TO_32_BIT_CONVERSION = YES;
				GCC_WARN_ABOUT_RETURN_TYPE = YES_ERROR;
				GCC_WARN_UNDECLARED_SELECTOR = YES;
				GCC_WARN_UNINITIALIZED_AUTOS = YES_AGGRESSIVE;
				GCC_WARN_UNUSED_FUNCTION = YES;
				GCC_WARN_UNUSED_VARIABLE = YES;
				IPHONEOS_DEPLOYMENT_TARGET = 16.0;
				MACOSX_DEPLOYMENT_TARGET = 12.3;
				MTL_ENABLE_DEBUG_INFO = NO;
				MTL_FAST_MATH = YES;
				SDKROOT = macosx;
				SWIFT_COMPILATION_MODE = wholemodule;
				SWIFT_OPTIMIZATION_LEVEL = "-O";
				VERSIONING_SYSTEM = "apple-generic";
				VERSION_INFO_PREFIX = "";
			};
			name = Release;
		};
		6EB734202A20CC7E0074E82B /* Debug */ = {
			isa = XCBuildConfiguration;
			buildSettings = {
				CODE_SIGN_STYLE = Automatic;
				COMBINE_HIDPI_IMAGES = YES;
				CURRENT_PROJECT_VERSION = 1;
				DEFINES_MODULE = YES;
				DEVELOPMENT_TEAM = 47KQE9A93N;
				DYLIB_COMPATIBILITY_VERSION = 1;
				DYLIB_CURRENT_VERSION = 1;
				DYLIB_INSTALL_NAME_BASE = "@rpath";
				GENERATE_INFOPLIST_FILE = YES;
				INFOPLIST_KEY_NSHumanReadableCopyright = "";
				INSTALL_PATH = "$(LOCAL_LIBRARY_DIR)/Frameworks";
				LD_RUNPATH_SEARCH_PATHS = (
					"$(inherited)",
					"@executable_path/../Frameworks",
					"@loader_path/Frameworks",
				);
				MARKETING_VERSION = 1.0;
				PRODUCT_BUNDLE_IDENTIFIER = "com.stoyan.ios-lead-essentials.EssentialFeed";
				PRODUCT_NAME = "$(TARGET_NAME:c99extidentifier)";
				SKIP_INSTALL = YES;
				SUPPORTED_PLATFORMS = "macosx iphonesimulator iphoneos";
				SWIFT_EMIT_LOC_STRINGS = YES;
				SWIFT_VERSION = 5.0;
			};
			name = Debug;
		};
		6EB734212A20CC7E0074E82B /* Release */ = {
			isa = XCBuildConfiguration;
			buildSettings = {
				CODE_SIGN_STYLE = Automatic;
				COMBINE_HIDPI_IMAGES = YES;
				CURRENT_PROJECT_VERSION = 1;
				DEFINES_MODULE = YES;
				DEVELOPMENT_TEAM = 47KQE9A93N;
				DYLIB_COMPATIBILITY_VERSION = 1;
				DYLIB_CURRENT_VERSION = 1;
				DYLIB_INSTALL_NAME_BASE = "@rpath";
				GENERATE_INFOPLIST_FILE = YES;
				INFOPLIST_KEY_NSHumanReadableCopyright = "";
				INSTALL_PATH = "$(LOCAL_LIBRARY_DIR)/Frameworks";
				LD_RUNPATH_SEARCH_PATHS = (
					"$(inherited)",
					"@executable_path/../Frameworks",
					"@loader_path/Frameworks",
				);
				MARKETING_VERSION = 1.0;
				PRODUCT_BUNDLE_IDENTIFIER = "com.stoyan.ios-lead-essentials.EssentialFeed";
				PRODUCT_NAME = "$(TARGET_NAME:c99extidentifier)";
				SKIP_INSTALL = YES;
				SUPPORTED_PLATFORMS = "macosx iphonesimulator iphoneos";
				SWIFT_EMIT_LOC_STRINGS = YES;
				SWIFT_VERSION = 5.0;
			};
			name = Release;
		};
		6EB734232A20CC7E0074E82B /* Debug */ = {
			isa = XCBuildConfiguration;
			buildSettings = {
				ALWAYS_EMBED_SWIFT_STANDARD_LIBRARIES = YES;
				CODE_SIGN_STYLE = Automatic;
				CURRENT_PROJECT_VERSION = 1;
				DEVELOPMENT_TEAM = 47KQE9A93N;
				GENERATE_INFOPLIST_FILE = YES;
				MARKETING_VERSION = 1.0;
				PRODUCT_BUNDLE_IDENTIFIER = "com.stoyan.ios-lead-essentials.EssentialFeedTests";
				PRODUCT_NAME = "$(TARGET_NAME)";
				SUPPORTED_PLATFORMS = "macosx iphonesimulator iphoneos";
				SWIFT_EMIT_LOC_STRINGS = NO;
				SWIFT_VERSION = 5.0;
			};
			name = Debug;
		};
		6EB734242A20CC7E0074E82B /* Release */ = {
			isa = XCBuildConfiguration;
			buildSettings = {
				ALWAYS_EMBED_SWIFT_STANDARD_LIBRARIES = YES;
				CODE_SIGN_STYLE = Automatic;
				CURRENT_PROJECT_VERSION = 1;
				DEVELOPMENT_TEAM = 47KQE9A93N;
				GENERATE_INFOPLIST_FILE = YES;
				MARKETING_VERSION = 1.0;
				PRODUCT_BUNDLE_IDENTIFIER = "com.stoyan.ios-lead-essentials.EssentialFeedTests";
				PRODUCT_NAME = "$(TARGET_NAME)";
				SUPPORTED_PLATFORMS = "macosx iphonesimulator iphoneos";
				SWIFT_EMIT_LOC_STRINGS = NO;
				SWIFT_VERSION = 5.0;
			};
			name = Release;
		};
		6EB734472A279B540074E82B /* Debug */ = {
			isa = XCBuildConfiguration;
			buildSettings = {
				CODE_SIGN_STYLE = Automatic;
				CURRENT_PROJECT_VERSION = 1;
				DEVELOPMENT_TEAM = 47KQE9A93N;
				GENERATE_INFOPLIST_FILE = YES;
				MARKETING_VERSION = 1.0;
				PRODUCT_BUNDLE_IDENTIFIER = "com.stoyan.ios-lead-essentials.EssentialFeedAPIEndToEndTests";
				PRODUCT_NAME = "$(TARGET_NAME)";
				SUPPORTED_PLATFORMS = "macosx iphonesimulator iphoneos";
				SWIFT_EMIT_LOC_STRINGS = NO;
				SWIFT_VERSION = 5.0;
			};
			name = Debug;
		};
		6EB734482A279B540074E82B /* Release */ = {
			isa = XCBuildConfiguration;
			buildSettings = {
				CODE_SIGN_STYLE = Automatic;
				CURRENT_PROJECT_VERSION = 1;
				DEVELOPMENT_TEAM = 47KQE9A93N;
				GENERATE_INFOPLIST_FILE = YES;
				MARKETING_VERSION = 1.0;
				PRODUCT_BUNDLE_IDENTIFIER = "com.stoyan.ios-lead-essentials.EssentialFeedAPIEndToEndTests";
				PRODUCT_NAME = "$(TARGET_NAME)";
				SUPPORTED_PLATFORMS = "macosx iphonesimulator iphoneos";
				SWIFT_EMIT_LOC_STRINGS = NO;
				SWIFT_VERSION = 5.0;
			};
			name = Release;
		};
		6EC271B92A389CAA00F308C4 /* Debug */ = {
			isa = XCBuildConfiguration;
			buildSettings = {
				CODE_SIGN_STYLE = Automatic;
				CURRENT_PROJECT_VERSION = 1;
				DEVELOPMENT_TEAM = 47KQE9A93N;
				GENERATE_INFOPLIST_FILE = YES;
				MARKETING_VERSION = 1.0;
				PRODUCT_BUNDLE_IDENTIFIER = "com.stoyan.ios-lead-essentials.EssentialFeedCacheIntegrationTests";
				PRODUCT_NAME = "$(TARGET_NAME)";
				SUPPORTED_PLATFORMS = "macosx iphonesimulator iphoneos";
				SWIFT_EMIT_LOC_STRINGS = NO;
				SWIFT_VERSION = 5.0;
			};
			name = Debug;
		};
		6EC271BA2A389CAA00F308C4 /* Release */ = {
			isa = XCBuildConfiguration;
			buildSettings = {
				CODE_SIGN_STYLE = Automatic;
				CURRENT_PROJECT_VERSION = 1;
				DEVELOPMENT_TEAM = 47KQE9A93N;
				GENERATE_INFOPLIST_FILE = YES;
				MARKETING_VERSION = 1.0;
				PRODUCT_BUNDLE_IDENTIFIER = "com.stoyan.ios-lead-essentials.EssentialFeedCacheIntegrationTests";
				PRODUCT_NAME = "$(TARGET_NAME)";
				SUPPORTED_PLATFORMS = "macosx iphonesimulator iphoneos";
				SWIFT_EMIT_LOC_STRINGS = NO;
				SWIFT_VERSION = 5.0;
			};
			name = Release;
		};
		6EC2728D2A4076DC00F308C4 /* Debug */ = {
			isa = XCBuildConfiguration;
			buildSettings = {
				CLANG_ENABLE_MODULES = YES;
				CODE_SIGN_STYLE = Automatic;
				CURRENT_PROJECT_VERSION = 1;
				DEFINES_MODULE = YES;
				DEVELOPMENT_TEAM = 47KQE9A93N;
				DYLIB_COMPATIBILITY_VERSION = 1;
				DYLIB_CURRENT_VERSION = 1;
				DYLIB_INSTALL_NAME_BASE = "@rpath";
				GENERATE_INFOPLIST_FILE = YES;
				INFOPLIST_KEY_NSHumanReadableCopyright = "";
				INSTALL_PATH = "$(LOCAL_LIBRARY_DIR)/Frameworks";
				IPHONEOS_DEPLOYMENT_TARGET = 16.0;
				LD_RUNPATH_SEARCH_PATHS = (
					"$(inherited)",
					"@executable_path/Frameworks",
					"@loader_path/Frameworks",
				);
				MARKETING_VERSION = 1.0;
				PRODUCT_BUNDLE_IDENTIFIER = "com.stoyan.ios-lead-essentials.EssentialFeediOS";
				PRODUCT_NAME = "$(TARGET_NAME:c99extidentifier)";
				SDKROOT = iphoneos;
				SKIP_INSTALL = YES;
				SUPPORTED_PLATFORMS = "iphoneos iphonesimulator";
				SUPPORTS_MACCATALYST = NO;
				SUPPORTS_MAC_DESIGNED_FOR_IPHONE_IPAD = YES;
				SWIFT_EMIT_LOC_STRINGS = YES;
				SWIFT_OPTIMIZATION_LEVEL = "-Onone";
				SWIFT_VERSION = 5.0;
				TARGETED_DEVICE_FAMILY = "1,2";
			};
			name = Debug;
		};
		6EC2728E2A4076DC00F308C4 /* Release */ = {
			isa = XCBuildConfiguration;
			buildSettings = {
				CLANG_ENABLE_MODULES = YES;
				CODE_SIGN_STYLE = Automatic;
				CURRENT_PROJECT_VERSION = 1;
				DEFINES_MODULE = YES;
				DEVELOPMENT_TEAM = 47KQE9A93N;
				DYLIB_COMPATIBILITY_VERSION = 1;
				DYLIB_CURRENT_VERSION = 1;
				DYLIB_INSTALL_NAME_BASE = "@rpath";
				GENERATE_INFOPLIST_FILE = YES;
				INFOPLIST_KEY_NSHumanReadableCopyright = "";
				INSTALL_PATH = "$(LOCAL_LIBRARY_DIR)/Frameworks";
				IPHONEOS_DEPLOYMENT_TARGET = 16.0;
				LD_RUNPATH_SEARCH_PATHS = (
					"$(inherited)",
					"@executable_path/Frameworks",
					"@loader_path/Frameworks",
				);
				MARKETING_VERSION = 1.0;
				PRODUCT_BUNDLE_IDENTIFIER = "com.stoyan.ios-lead-essentials.EssentialFeediOS";
				PRODUCT_NAME = "$(TARGET_NAME:c99extidentifier)";
				SDKROOT = iphoneos;
				SKIP_INSTALL = YES;
				SUPPORTED_PLATFORMS = "iphoneos iphonesimulator";
				SUPPORTS_MACCATALYST = NO;
				SUPPORTS_MAC_DESIGNED_FOR_IPHONE_IPAD = YES;
				SWIFT_EMIT_LOC_STRINGS = YES;
				SWIFT_VERSION = 5.0;
				TARGETED_DEVICE_FAMILY = "1,2";
				VALIDATE_PRODUCT = YES;
			};
			name = Release;
		};
		6EC2728F2A4076DC00F308C4 /* Debug */ = {
			isa = XCBuildConfiguration;
			buildSettings = {
				ALWAYS_EMBED_SWIFT_STANDARD_LIBRARIES = YES;
				CODE_SIGN_STYLE = Automatic;
				CURRENT_PROJECT_VERSION = 1;
				DEVELOPMENT_TEAM = 47KQE9A93N;
				GENERATE_INFOPLIST_FILE = YES;
				IPHONEOS_DEPLOYMENT_TARGET = 16.0;
				MARKETING_VERSION = 1.0;
				PRODUCT_BUNDLE_IDENTIFIER = "com.stoyan.ios-lead-essentials.EssentialFeediOSTests";
				PRODUCT_NAME = "$(TARGET_NAME)";
				SDKROOT = iphoneos;
				SUPPORTED_PLATFORMS = "iphoneos iphonesimulator";
				SUPPORTS_MACCATALYST = NO;
				SUPPORTS_MAC_DESIGNED_FOR_IPHONE_IPAD = YES;
				SWIFT_EMIT_LOC_STRINGS = NO;
				SWIFT_VERSION = 5.0;
				TARGETED_DEVICE_FAMILY = "1,2";
			};
			name = Debug;
		};
		6EC272902A4076DC00F308C4 /* Release */ = {
			isa = XCBuildConfiguration;
			buildSettings = {
				ALWAYS_EMBED_SWIFT_STANDARD_LIBRARIES = YES;
				CODE_SIGN_STYLE = Automatic;
				CURRENT_PROJECT_VERSION = 1;
				DEVELOPMENT_TEAM = 47KQE9A93N;
				GENERATE_INFOPLIST_FILE = YES;
				IPHONEOS_DEPLOYMENT_TARGET = 16.0;
				MARKETING_VERSION = 1.0;
				PRODUCT_BUNDLE_IDENTIFIER = "com.stoyan.ios-lead-essentials.EssentialFeediOSTests";
				PRODUCT_NAME = "$(TARGET_NAME)";
				SDKROOT = iphoneos;
				SUPPORTED_PLATFORMS = "iphoneos iphonesimulator";
				SUPPORTS_MACCATALYST = NO;
				SUPPORTS_MAC_DESIGNED_FOR_IPHONE_IPAD = YES;
				SWIFT_EMIT_LOC_STRINGS = NO;
				SWIFT_VERSION = 5.0;
				TARGETED_DEVICE_FAMILY = "1,2";
				VALIDATE_PRODUCT = YES;
			};
			name = Release;
		};
/* End XCBuildConfiguration section */

/* Begin XCConfigurationList section */
		6EB734052A20CC7E0074E82B /* Build configuration list for PBXProject "EssentialFeed" */ = {
			isa = XCConfigurationList;
			buildConfigurations = (
				6EB7341D2A20CC7E0074E82B /* Debug */,
				6EB7341E2A20CC7E0074E82B /* Release */,
			);
			defaultConfigurationIsVisible = 0;
			defaultConfigurationName = Release;
		};
		6EB7341F2A20CC7E0074E82B /* Build configuration list for PBXNativeTarget "EssentialFeed" */ = {
			isa = XCConfigurationList;
			buildConfigurations = (
				6EB734202A20CC7E0074E82B /* Debug */,
				6EB734212A20CC7E0074E82B /* Release */,
			);
			defaultConfigurationIsVisible = 0;
			defaultConfigurationName = Release;
		};
		6EB734222A20CC7E0074E82B /* Build configuration list for PBXNativeTarget "EssentialFeedTests" */ = {
			isa = XCConfigurationList;
			buildConfigurations = (
				6EB734232A20CC7E0074E82B /* Debug */,
				6EB734242A20CC7E0074E82B /* Release */,
			);
			defaultConfigurationIsVisible = 0;
			defaultConfigurationName = Release;
		};
		6EB734462A279B540074E82B /* Build configuration list for PBXNativeTarget "EssentialFeedAPIEndToEndTests" */ = {
			isa = XCConfigurationList;
			buildConfigurations = (
				6EB734472A279B540074E82B /* Debug */,
				6EB734482A279B540074E82B /* Release */,
			);
			defaultConfigurationIsVisible = 0;
			defaultConfigurationName = Release;
		};
		6EC271B82A389CAA00F308C4 /* Build configuration list for PBXNativeTarget "EssentialFeedCacheIntegrationTests" */ = {
			isa = XCConfigurationList;
			buildConfigurations = (
				6EC271B92A389CAA00F308C4 /* Debug */,
				6EC271BA2A389CAA00F308C4 /* Release */,
			);
			defaultConfigurationIsVisible = 0;
			defaultConfigurationName = Release;
		};
		6EC272912A4076DC00F308C4 /* Build configuration list for PBXNativeTarget "EssentialFeediOS" */ = {
			isa = XCConfigurationList;
			buildConfigurations = (
				6EC2728D2A4076DC00F308C4 /* Debug */,
				6EC2728E2A4076DC00F308C4 /* Release */,
			);
			defaultConfigurationIsVisible = 0;
			defaultConfigurationName = Release;
		};
		6EC272922A4076DC00F308C4 /* Build configuration list for PBXNativeTarget "EssentialFeediOSTests" */ = {
			isa = XCConfigurationList;
			buildConfigurations = (
				6EC2728F2A4076DC00F308C4 /* Debug */,
				6EC272902A4076DC00F308C4 /* Release */,
			);
			defaultConfigurationIsVisible = 0;
			defaultConfigurationName = Release;
		};
/* End XCConfigurationList section */

/* Begin XCVersionGroup section */
		6EC271A02A38755B00F308C4 /* FeedStore.xcdatamodeld */ = {
			isa = XCVersionGroup;
			children = (
				6EC271A12A38755B00F308C4 /* FeedStore.xcdatamodel */,
			);
			currentVersion = 6EC271A12A38755B00F308C4 /* FeedStore.xcdatamodel */;
			path = FeedStore.xcdatamodeld;
			sourceTree = "<group>";
			versionGroupType = wrapper.xcdatamodel;
		};
/* End XCVersionGroup section */
	};
	rootObject = 6EB734022A20CC7E0074E82B /* Project object */;
}
