// !$*UTF8*$!
{
	archiveVersion = 1;
	classes = {
	};
	objectVersion = 56;
	objects = {

/* Begin PBXBuildFile section */
		6E322D532A51B06E0029755B /* SceneDelegateTests.swift in Sources */ = {isa = PBXBuildFile; fileRef = 6E322D522A51B06E0029755B /* SceneDelegateTests.swift */; };
		6E322D5A2A51B1B10029755B /* WeakRefVirtualProxy.swift in Sources */ = {isa = PBXBuildFile; fileRef = 6E322D542A51B1B10029755B /* WeakRefVirtualProxy.swift */; };
		6E322D5B2A51B1B10029755B /* MainQueueDispatchDecorator.swift in Sources */ = {isa = PBXBuildFile; fileRef = 6E322D592A51B1B10029755B /* MainQueueDispatchDecorator.swift */; };
		6E322D5C2A51B1B10029755B /* FeedImageDataLoaderPresentationAdapter.swift in Sources */ = {isa = PBXBuildFile; fileRef = 6E322D562A51B1B10029755B /* FeedImageDataLoaderPresentationAdapter.swift */; };
		6E322D5D2A51B1B10029755B /* FeedLoaderPresentationAdapter.swift in Sources */ = {isa = PBXBuildFile; fileRef = 6E322D582A51B1B10029755B /* FeedLoaderPresentationAdapter.swift */; };
		6E322D5E2A51B1B10029755B /* FeedUIComposer.swift in Sources */ = {isa = PBXBuildFile; fileRef = 6E322D552A51B1B10029755B /* FeedUIComposer.swift */; };
		6E322D5F2A51B1B10029755B /* FeedViewAdapter.swift in Sources */ = {isa = PBXBuildFile; fileRef = 6E322D572A51B1B10029755B /* FeedViewAdapter.swift */; };
		6E322D692A51B2610029755B /* UIRefreshControl+TestHelpers.swift in Sources */ = {isa = PBXBuildFile; fileRef = 6E322D612A51B2610029755B /* UIRefreshControl+TestHelpers.swift */; };
		6E322D6A2A51B2610029755B /* UIButton+TestHelpers.swift in Sources */ = {isa = PBXBuildFile; fileRef = 6E322D622A51B2610029755B /* UIButton+TestHelpers.swift */; };
		6E322D6B2A51B2610029755B /* UIControl+TestHelpers.swift in Sources */ = {isa = PBXBuildFile; fileRef = 6E322D602A51B2610029755B /* UIControl+TestHelpers.swift */; };
		6E322D6C2A51B2610029755B /* UIImage+TestHelpers.swift in Sources */ = {isa = PBXBuildFile; fileRef = 6E322D682A51B2610029755B /* UIImage+TestHelpers.swift */; };
		6E322D6D2A51B2610029755B /* FeedImageCell+TestHelpers.swift in Sources */ = {isa = PBXBuildFile; fileRef = 6E322D632A51B2610029755B /* FeedImageCell+TestHelpers.swift */; };
		6E322D6E2A51B2610029755B /* FeedUIIntegrationTests+Assertions.swift in Sources */ = {isa = PBXBuildFile; fileRef = 6E322D642A51B2610029755B /* FeedUIIntegrationTests+Assertions.swift */; };
		6E322D6F2A51B2610029755B /* FeedUIIntegrationTests+Localization.swift in Sources */ = {isa = PBXBuildFile; fileRef = 6E322D672A51B2610029755B /* FeedUIIntegrationTests+Localization.swift */; };
		6E322D702A51B2610029755B /* FeedUIIntegrationTests+LoaderSpy.swift in Sources */ = {isa = PBXBuildFile; fileRef = 6E322D652A51B2610029755B /* FeedUIIntegrationTests+LoaderSpy.swift */; };
		6E322D712A51B2610029755B /* FeedViewController+TestHelpers.swift in Sources */ = {isa = PBXBuildFile; fileRef = 6E322D662A51B2610029755B /* FeedViewController+TestHelpers.swift */; };
		6E322D732A51B27C0029755B /* FeedUIIntegrationTests.swift in Sources */ = {isa = PBXBuildFile; fileRef = 6E322D722A51B27C0029755B /* FeedUIIntegrationTests.swift */; };
		6E322D752A51B46C0029755B /* FeedAcceptanceTests.swift in Sources */ = {isa = PBXBuildFile; fileRef = 6E322D742A51B46C0029755B /* FeedAcceptanceTests.swift */; };
		6E322D772A51B79A0029755B /* HTTPClientStub.swift in Sources */ = {isa = PBXBuildFile; fileRef = 6E322D762A51B79A0029755B /* HTTPClientStub.swift */; };
		6E322D792A51B80C0029755B /* InMemoryFeedStore.swift in Sources */ = {isa = PBXBuildFile; fileRef = 6E322D782A51B80C0029755B /* InMemoryFeedStore.swift */; };
		6E4B4EB82A5185D600D0C0B1 /* FeedLoaderCacheDecorator.swift in Sources */ = {isa = PBXBuildFile; fileRef = 6E4B4EB72A5185D600D0C0B1 /* FeedLoaderCacheDecorator.swift */; };
		6E4B4EBA2A51867C00D0C0B1 /* FeedImageDataLoaderCacheDecoratorTests.swift in Sources */ = {isa = PBXBuildFile; fileRef = 6E4B4EB92A51867C00D0C0B1 /* FeedImageDataLoaderCacheDecoratorTests.swift */; };
		6E4B4EBC2A518A2000D0C0B1 /* FeedImageDataLoaderSpy.swift in Sources */ = {isa = PBXBuildFile; fileRef = 6E4B4EBB2A518A2000D0C0B1 /* FeedImageDataLoaderSpy.swift */; };
		6E4B4EBE2A518AB900D0C0B1 /* XCTestCase+FeedImageDataLoader.swift in Sources */ = {isa = PBXBuildFile; fileRef = 6E4B4EBD2A518AB900D0C0B1 /* XCTestCase+FeedImageDataLoader.swift */; };
		6E4B4EC22A518CC900D0C0B1 /* FeedImageDataLoaderCacheDecorator.swift in Sources */ = {isa = PBXBuildFile; fileRef = 6E4B4EC12A518CC900D0C0B1 /* FeedImageDataLoaderCacheDecorator.swift */; };
		6E6381EA2A52AFEC000DEDB0 /* FeedSnapshotTests.swift in Sources */ = {isa = PBXBuildFile; fileRef = 6E6381E92A52AFEC000DEDB0 /* FeedSnapshotTests.swift */; };
		6E6382022A52B78B000DEDB0 /* FEED_WITH_FAILED_IMAGE_LOADING_light.png in Resources */ = {isa = PBXBuildFile; fileRef = 6E6381F62A52B78A000DEDB0 /* FEED_WITH_FAILED_IMAGE_LOADING_light.png */; };
		6E6382032A52B78B000DEDB0 /* FEED_WITH_CONTENT.png in Resources */ = {isa = PBXBuildFile; fileRef = 6E6381F72A52B78A000DEDB0 /* FEED_WITH_CONTENT.png */; };
		6E6382042A52B78B000DEDB0 /* FEED_WITH_ERROR_MESSAGE_dark.png in Resources */ = {isa = PBXBuildFile; fileRef = 6E6381F82A52B78B000DEDB0 /* FEED_WITH_ERROR_MESSAGE_dark.png */; };
		6E6382052A52B78B000DEDB0 /* FEED_WITH_CONTENT_light.png in Resources */ = {isa = PBXBuildFile; fileRef = 6E6381F92A52B78B000DEDB0 /* FEED_WITH_CONTENT_light.png */; };
		6E6382062A52B78B000DEDB0 /* EMPTY_FEED_dark.png in Resources */ = {isa = PBXBuildFile; fileRef = 6E6381FA2A52B78B000DEDB0 /* EMPTY_FEED_dark.png */; };
		6E6382072A52B78B000DEDB0 /* FEED_WITH_ERROR_MESSAGE.png in Resources */ = {isa = PBXBuildFile; fileRef = 6E6381FB2A52B78B000DEDB0 /* FEED_WITH_ERROR_MESSAGE.png */; };
		6E6382082A52B78B000DEDB0 /* FEED_WITH_FAILED_IMAGE_LOADING.png in Resources */ = {isa = PBXBuildFile; fileRef = 6E6381FC2A52B78B000DEDB0 /* FEED_WITH_FAILED_IMAGE_LOADING.png */; };
		6E6382092A52B78B000DEDB0 /* EMPTY_FEED.png in Resources */ = {isa = PBXBuildFile; fileRef = 6E6381FD2A52B78B000DEDB0 /* EMPTY_FEED.png */; };
		6E63820A2A52B78B000DEDB0 /* FEED_WITH_CONTENT_dark.png in Resources */ = {isa = PBXBuildFile; fileRef = 6E6381FE2A52B78B000DEDB0 /* FEED_WITH_CONTENT_dark.png */; };
		6E63820B2A52B78B000DEDB0 /* FEED_WITH_ERROR_MESSAGE_light.png in Resources */ = {isa = PBXBuildFile; fileRef = 6E6381FF2A52B78B000DEDB0 /* FEED_WITH_ERROR_MESSAGE_light.png */; };
		6E63820C2A52B78B000DEDB0 /* EMPTY_FEED_light.png in Resources */ = {isa = PBXBuildFile; fileRef = 6E6382002A52B78B000DEDB0 /* EMPTY_FEED_light.png */; };
		6E63820D2A52B78B000DEDB0 /* FEED_WITH_FAILED_IMAGE_LOADING_dark.png in Resources */ = {isa = PBXBuildFile; fileRef = 6E6382012A52B78B000DEDB0 /* FEED_WITH_FAILED_IMAGE_LOADING_dark.png */; };
		6E63820F2A52B7C9000DEDB0 /* UIViewController+Snapshot.swift in Sources */ = {isa = PBXBuildFile; fileRef = 6E63820E2A52B7C9000DEDB0 /* UIViewController+Snapshot.swift */; };
		6E864D492A50386800DCC783 /* AppDelegate.swift in Sources */ = {isa = PBXBuildFile; fileRef = 6E864D482A50386800DCC783 /* AppDelegate.swift */; };
		6E864D4B2A50386800DCC783 /* SceneDelegate.swift in Sources */ = {isa = PBXBuildFile; fileRef = 6E864D4A2A50386800DCC783 /* SceneDelegate.swift */; };
		6E864D4D2A50386800DCC783 /* ViewController.swift in Sources */ = {isa = PBXBuildFile; fileRef = 6E864D4C2A50386800DCC783 /* ViewController.swift */; };
		6E864D502A50386800DCC783 /* Main.storyboard in Resources */ = {isa = PBXBuildFile; fileRef = 6E864D4E2A50386800DCC783 /* Main.storyboard */; };
		6E864D522A50386900DCC783 /* Assets.xcassets in Resources */ = {isa = PBXBuildFile; fileRef = 6E864D512A50386900DCC783 /* Assets.xcassets */; };
		6E864D552A50386900DCC783 /* LaunchScreen.storyboard in Resources */ = {isa = PBXBuildFile; fileRef = 6E864D532A50386900DCC783 /* LaunchScreen.storyboard */; };
		6E864D902A50399500DCC783 /* EssentialFeed.framework in Frameworks */ = {isa = PBXBuildFile; fileRef = 6E864D8E2A50399500DCC783 /* EssentialFeed.framework */; };
		6E864D912A50399500DCC783 /* EssentialFeed.framework in Embed Frameworks */ = {isa = PBXBuildFile; fileRef = 6E864D8E2A50399500DCC783 /* EssentialFeed.framework */; settings = {ATTRIBUTES = (CodeSignOnCopy, RemoveHeadersOnCopy, ); }; };
		6E864D922A50399500DCC783 /* EssentialFeediOS.framework in Frameworks */ = {isa = PBXBuildFile; fileRef = 6E864D8F2A50399500DCC783 /* EssentialFeediOS.framework */; };
		6E864D932A50399500DCC783 /* EssentialFeediOS.framework in Embed Frameworks */ = {isa = PBXBuildFile; fileRef = 6E864D8F2A50399500DCC783 /* EssentialFeediOS.framework */; settings = {ATTRIBUTES = (CodeSignOnCopy, RemoveHeadersOnCopy, ); }; };
		6E864D962A50484B00DCC783 /* FeedLoaderWithFallbackCompositeTests.swift in Sources */ = {isa = PBXBuildFile; fileRef = 6E864D952A50484B00DCC783 /* FeedLoaderWithFallbackCompositeTests.swift */; };
		6E864D982A504AAF00DCC783 /* FeedLoaderWithFallbackComposite.swift in Sources */ = {isa = PBXBuildFile; fileRef = 6E864D972A504AAF00DCC783 /* FeedLoaderWithFallbackComposite.swift */; };
		6E864D9B2A504B6D00DCC783 /* FeedImageDataLoaderWithFallbackCompositeTests.swift in Sources */ = {isa = PBXBuildFile; fileRef = 6E864D992A504B3100DCC783 /* FeedImageDataLoaderWithFallbackCompositeTests.swift */; };
		6E864D9D2A504E4300DCC783 /* FeedImageDataLoaderWithFallbackComposite.swift in Sources */ = {isa = PBXBuildFile; fileRef = 6E864D9C2A504E4300DCC783 /* FeedImageDataLoaderWithFallbackComposite.swift */; };
		6E864DA02A504EB300DCC783 /* XCTestCase+MemoryLeakTracking.swift in Sources */ = {isa = PBXBuildFile; fileRef = 6E864D9F2A504EB300DCC783 /* XCTestCase+MemoryLeakTracking.swift */; };
		6E864DA22A504F0600DCC783 /* SharedTestHelpers.swift in Sources */ = {isa = PBXBuildFile; fileRef = 6E864DA12A504F0600DCC783 /* SharedTestHelpers.swift */; };
		6E864DA42A5057C400DCC783 /* FeedLoaderCacheDecoratorTests.swift in Sources */ = {isa = PBXBuildFile; fileRef = 6E864DA32A5057C400DCC783 /* FeedLoaderCacheDecoratorTests.swift */; };
		6E864DA62A50582D00DCC783 /* FeedLoaderStub.swift in Sources */ = {isa = PBXBuildFile; fileRef = 6E864DA52A50582D00DCC783 /* FeedLoaderStub.swift */; };
		6E864DA82A5058DB00DCC783 /* XCTestCase+FeedLoader.swift in Sources */ = {isa = PBXBuildFile; fileRef = 6E864DA72A5058DB00DCC783 /* XCTestCase+FeedLoader.swift */; };
/* End PBXBuildFile section */

/* Begin PBXContainerItemProxy section */
		6E864D5C2A50386900DCC783 /* PBXContainerItemProxy */ = {
			isa = PBXContainerItemProxy;
			containerPortal = 6E864D3D2A50386800DCC783 /* Project object */;
			proxyType = 1;
			remoteGlobalIDString = 6E864D442A50386800DCC783;
			remoteInfo = EssentialApp;
		};
/* End PBXContainerItemProxy section */

/* Begin PBXCopyFilesBuildPhase section */
		6E864D942A50399500DCC783 /* Embed Frameworks */ = {
			isa = PBXCopyFilesBuildPhase;
			buildActionMask = 2147483647;
			dstPath = "";
			dstSubfolderSpec = 10;
			files = (
				6E864D912A50399500DCC783 /* EssentialFeed.framework in Embed Frameworks */,
				6E864D932A50399500DCC783 /* EssentialFeediOS.framework in Embed Frameworks */,
			);
			name = "Embed Frameworks";
			runOnlyForDeploymentPostprocessing = 0;
		};
/* End PBXCopyFilesBuildPhase section */

/* Begin PBXFileReference section */
		6E322D522A51B06E0029755B /* SceneDelegateTests.swift */ = {isa = PBXFileReference; lastKnownFileType = sourcecode.swift; path = SceneDelegateTests.swift; sourceTree = "<group>"; };
		6E322D542A51B1B10029755B /* WeakRefVirtualProxy.swift */ = {isa = PBXFileReference; lastKnownFileType = sourcecode.swift; path = WeakRefVirtualProxy.swift; sourceTree = "<group>"; };
		6E322D552A51B1B10029755B /* FeedUIComposer.swift */ = {isa = PBXFileReference; lastKnownFileType = sourcecode.swift; path = FeedUIComposer.swift; sourceTree = "<group>"; };
		6E322D562A51B1B10029755B /* FeedImageDataLoaderPresentationAdapter.swift */ = {isa = PBXFileReference; lastKnownFileType = sourcecode.swift; path = FeedImageDataLoaderPresentationAdapter.swift; sourceTree = "<group>"; };
		6E322D572A51B1B10029755B /* FeedViewAdapter.swift */ = {isa = PBXFileReference; lastKnownFileType = sourcecode.swift; path = FeedViewAdapter.swift; sourceTree = "<group>"; };
		6E322D582A51B1B10029755B /* FeedLoaderPresentationAdapter.swift */ = {isa = PBXFileReference; lastKnownFileType = sourcecode.swift; path = FeedLoaderPresentationAdapter.swift; sourceTree = "<group>"; };
		6E322D592A51B1B10029755B /* MainQueueDispatchDecorator.swift */ = {isa = PBXFileReference; lastKnownFileType = sourcecode.swift; path = MainQueueDispatchDecorator.swift; sourceTree = "<group>"; };
		6E322D602A51B2610029755B /* UIControl+TestHelpers.swift */ = {isa = PBXFileReference; lastKnownFileType = sourcecode.swift; path = "UIControl+TestHelpers.swift"; sourceTree = "<group>"; };
		6E322D612A51B2610029755B /* UIRefreshControl+TestHelpers.swift */ = {isa = PBXFileReference; lastKnownFileType = sourcecode.swift; path = "UIRefreshControl+TestHelpers.swift"; sourceTree = "<group>"; };
		6E322D622A51B2610029755B /* UIButton+TestHelpers.swift */ = {isa = PBXFileReference; lastKnownFileType = sourcecode.swift; path = "UIButton+TestHelpers.swift"; sourceTree = "<group>"; };
		6E322D632A51B2610029755B /* FeedImageCell+TestHelpers.swift */ = {isa = PBXFileReference; lastKnownFileType = sourcecode.swift; path = "FeedImageCell+TestHelpers.swift"; sourceTree = "<group>"; };
		6E322D642A51B2610029755B /* FeedUIIntegrationTests+Assertions.swift */ = {isa = PBXFileReference; lastKnownFileType = sourcecode.swift; path = "FeedUIIntegrationTests+Assertions.swift"; sourceTree = "<group>"; };
		6E322D652A51B2610029755B /* FeedUIIntegrationTests+LoaderSpy.swift */ = {isa = PBXFileReference; lastKnownFileType = sourcecode.swift; path = "FeedUIIntegrationTests+LoaderSpy.swift"; sourceTree = "<group>"; };
		6E322D662A51B2610029755B /* FeedViewController+TestHelpers.swift */ = {isa = PBXFileReference; lastKnownFileType = sourcecode.swift; path = "FeedViewController+TestHelpers.swift"; sourceTree = "<group>"; };
		6E322D672A51B2610029755B /* FeedUIIntegrationTests+Localization.swift */ = {isa = PBXFileReference; lastKnownFileType = sourcecode.swift; path = "FeedUIIntegrationTests+Localization.swift"; sourceTree = "<group>"; };
		6E322D682A51B2610029755B /* UIImage+TestHelpers.swift */ = {isa = PBXFileReference; lastKnownFileType = sourcecode.swift; path = "UIImage+TestHelpers.swift"; sourceTree = "<group>"; };
		6E322D722A51B27C0029755B /* FeedUIIntegrationTests.swift */ = {isa = PBXFileReference; lastKnownFileType = sourcecode.swift; path = FeedUIIntegrationTests.swift; sourceTree = "<group>"; };
		6E322D742A51B46C0029755B /* FeedAcceptanceTests.swift */ = {isa = PBXFileReference; lastKnownFileType = sourcecode.swift; path = FeedAcceptanceTests.swift; sourceTree = "<group>"; };
		6E322D762A51B79A0029755B /* HTTPClientStub.swift */ = {isa = PBXFileReference; lastKnownFileType = sourcecode.swift; path = HTTPClientStub.swift; sourceTree = "<group>"; };
		6E322D782A51B80C0029755B /* InMemoryFeedStore.swift */ = {isa = PBXFileReference; lastKnownFileType = sourcecode.swift; path = InMemoryFeedStore.swift; sourceTree = "<group>"; };
		6E4B4EB72A5185D600D0C0B1 /* FeedLoaderCacheDecorator.swift */ = {isa = PBXFileReference; lastKnownFileType = sourcecode.swift; path = FeedLoaderCacheDecorator.swift; sourceTree = "<group>"; };
		6E4B4EB92A51867C00D0C0B1 /* FeedImageDataLoaderCacheDecoratorTests.swift */ = {isa = PBXFileReference; lastKnownFileType = sourcecode.swift; path = FeedImageDataLoaderCacheDecoratorTests.swift; sourceTree = "<group>"; };
		6E4B4EBB2A518A2000D0C0B1 /* FeedImageDataLoaderSpy.swift */ = {isa = PBXFileReference; lastKnownFileType = sourcecode.swift; path = FeedImageDataLoaderSpy.swift; sourceTree = "<group>"; };
		6E4B4EBD2A518AB900D0C0B1 /* XCTestCase+FeedImageDataLoader.swift */ = {isa = PBXFileReference; lastKnownFileType = sourcecode.swift; path = "XCTestCase+FeedImageDataLoader.swift"; sourceTree = "<group>"; };
		6E4B4EC12A518CC900D0C0B1 /* FeedImageDataLoaderCacheDecorator.swift */ = {isa = PBXFileReference; lastKnownFileType = sourcecode.swift; path = FeedImageDataLoaderCacheDecorator.swift; sourceTree = "<group>"; };
		6E6381E92A52AFEC000DEDB0 /* FeedSnapshotTests.swift */ = {isa = PBXFileReference; lastKnownFileType = sourcecode.swift; path = FeedSnapshotTests.swift; sourceTree = "<group>"; };
		6E6381F62A52B78A000DEDB0 /* FEED_WITH_FAILED_IMAGE_LOADING_light.png */ = {isa = PBXFileReference; lastKnownFileType = image.png; path = FEED_WITH_FAILED_IMAGE_LOADING_light.png; sourceTree = "<group>"; };
		6E6381F72A52B78A000DEDB0 /* FEED_WITH_CONTENT.png */ = {isa = PBXFileReference; lastKnownFileType = image.png; path = FEED_WITH_CONTENT.png; sourceTree = "<group>"; };
		6E6381F82A52B78B000DEDB0 /* FEED_WITH_ERROR_MESSAGE_dark.png */ = {isa = PBXFileReference; lastKnownFileType = image.png; path = FEED_WITH_ERROR_MESSAGE_dark.png; sourceTree = "<group>"; };
		6E6381F92A52B78B000DEDB0 /* FEED_WITH_CONTENT_light.png */ = {isa = PBXFileReference; lastKnownFileType = image.png; path = FEED_WITH_CONTENT_light.png; sourceTree = "<group>"; };
		6E6381FA2A52B78B000DEDB0 /* EMPTY_FEED_dark.png */ = {isa = PBXFileReference; lastKnownFileType = image.png; path = EMPTY_FEED_dark.png; sourceTree = "<group>"; };
		6E6381FB2A52B78B000DEDB0 /* FEED_WITH_ERROR_MESSAGE.png */ = {isa = PBXFileReference; lastKnownFileType = image.png; path = FEED_WITH_ERROR_MESSAGE.png; sourceTree = "<group>"; };
		6E6381FC2A52B78B000DEDB0 /* FEED_WITH_FAILED_IMAGE_LOADING.png */ = {isa = PBXFileReference; lastKnownFileType = image.png; path = FEED_WITH_FAILED_IMAGE_LOADING.png; sourceTree = "<group>"; };
		6E6381FD2A52B78B000DEDB0 /* EMPTY_FEED.png */ = {isa = PBXFileReference; lastKnownFileType = image.png; path = EMPTY_FEED.png; sourceTree = "<group>"; };
		6E6381FE2A52B78B000DEDB0 /* FEED_WITH_CONTENT_dark.png */ = {isa = PBXFileReference; lastKnownFileType = image.png; path = FEED_WITH_CONTENT_dark.png; sourceTree = "<group>"; };
		6E6381FF2A52B78B000DEDB0 /* FEED_WITH_ERROR_MESSAGE_light.png */ = {isa = PBXFileReference; lastKnownFileType = image.png; path = FEED_WITH_ERROR_MESSAGE_light.png; sourceTree = "<group>"; };
		6E6382002A52B78B000DEDB0 /* EMPTY_FEED_light.png */ = {isa = PBXFileReference; lastKnownFileType = image.png; path = EMPTY_FEED_light.png; sourceTree = "<group>"; };
		6E6382012A52B78B000DEDB0 /* FEED_WITH_FAILED_IMAGE_LOADING_dark.png */ = {isa = PBXFileReference; lastKnownFileType = image.png; path = FEED_WITH_FAILED_IMAGE_LOADING_dark.png; sourceTree = "<group>"; };
		6E63820E2A52B7C9000DEDB0 /* UIViewController+Snapshot.swift */ = {isa = PBXFileReference; lastKnownFileType = sourcecode.swift; path = "UIViewController+Snapshot.swift"; sourceTree = "<group>"; };
		6E864D452A50386800DCC783 /* EssentialApp.app */ = {isa = PBXFileReference; explicitFileType = wrapper.application; includeInIndex = 0; path = EssentialApp.app; sourceTree = BUILT_PRODUCTS_DIR; };
		6E864D482A50386800DCC783 /* AppDelegate.swift */ = {isa = PBXFileReference; lastKnownFileType = sourcecode.swift; path = AppDelegate.swift; sourceTree = "<group>"; };
		6E864D4A2A50386800DCC783 /* SceneDelegate.swift */ = {isa = PBXFileReference; lastKnownFileType = sourcecode.swift; path = SceneDelegate.swift; sourceTree = "<group>"; };
		6E864D4C2A50386800DCC783 /* ViewController.swift */ = {isa = PBXFileReference; lastKnownFileType = sourcecode.swift; path = ViewController.swift; sourceTree = "<group>"; };
		6E864D4F2A50386800DCC783 /* Base */ = {isa = PBXFileReference; lastKnownFileType = file.storyboard; name = Base; path = Base.lproj/Main.storyboard; sourceTree = "<group>"; };
		6E864D512A50386900DCC783 /* Assets.xcassets */ = {isa = PBXFileReference; lastKnownFileType = folder.assetcatalog; path = Assets.xcassets; sourceTree = "<group>"; };
		6E864D542A50386900DCC783 /* Base */ = {isa = PBXFileReference; lastKnownFileType = file.storyboard; name = Base; path = Base.lproj/LaunchScreen.storyboard; sourceTree = "<group>"; };
		6E864D562A50386900DCC783 /* Info.plist */ = {isa = PBXFileReference; lastKnownFileType = text.plist.xml; path = Info.plist; sourceTree = "<group>"; };
		6E864D5B2A50386900DCC783 /* EssentialAppTests.xctest */ = {isa = PBXFileReference; explicitFileType = wrapper.cfbundle; includeInIndex = 0; path = EssentialAppTests.xctest; sourceTree = BUILT_PRODUCTS_DIR; };
		6E864D8E2A50399500DCC783 /* EssentialFeed.framework */ = {isa = PBXFileReference; explicitFileType = wrapper.framework; path = EssentialFeed.framework; sourceTree = BUILT_PRODUCTS_DIR; };
		6E864D8F2A50399500DCC783 /* EssentialFeediOS.framework */ = {isa = PBXFileReference; explicitFileType = wrapper.framework; path = EssentialFeediOS.framework; sourceTree = BUILT_PRODUCTS_DIR; };
		6E864D952A50484B00DCC783 /* FeedLoaderWithFallbackCompositeTests.swift */ = {isa = PBXFileReference; lastKnownFileType = sourcecode.swift; path = FeedLoaderWithFallbackCompositeTests.swift; sourceTree = "<group>"; };
		6E864D972A504AAF00DCC783 /* FeedLoaderWithFallbackComposite.swift */ = {isa = PBXFileReference; lastKnownFileType = sourcecode.swift; path = FeedLoaderWithFallbackComposite.swift; sourceTree = "<group>"; };
		6E864D992A504B3100DCC783 /* FeedImageDataLoaderWithFallbackCompositeTests.swift */ = {isa = PBXFileReference; lastKnownFileType = sourcecode.swift; path = FeedImageDataLoaderWithFallbackCompositeTests.swift; sourceTree = "<group>"; };
		6E864D9C2A504E4300DCC783 /* FeedImageDataLoaderWithFallbackComposite.swift */ = {isa = PBXFileReference; lastKnownFileType = sourcecode.swift; path = FeedImageDataLoaderWithFallbackComposite.swift; sourceTree = "<group>"; };
		6E864D9F2A504EB300DCC783 /* XCTestCase+MemoryLeakTracking.swift */ = {isa = PBXFileReference; lastKnownFileType = sourcecode.swift; path = "XCTestCase+MemoryLeakTracking.swift"; sourceTree = "<group>"; };
		6E864DA12A504F0600DCC783 /* SharedTestHelpers.swift */ = {isa = PBXFileReference; lastKnownFileType = sourcecode.swift; path = SharedTestHelpers.swift; sourceTree = "<group>"; };
		6E864DA32A5057C400DCC783 /* FeedLoaderCacheDecoratorTests.swift */ = {isa = PBXFileReference; lastKnownFileType = sourcecode.swift; path = FeedLoaderCacheDecoratorTests.swift; sourceTree = "<group>"; };
		6E864DA52A50582D00DCC783 /* FeedLoaderStub.swift */ = {isa = PBXFileReference; lastKnownFileType = sourcecode.swift; path = FeedLoaderStub.swift; sourceTree = "<group>"; };
		6E864DA72A5058DB00DCC783 /* XCTestCase+FeedLoader.swift */ = {isa = PBXFileReference; lastKnownFileType = sourcecode.swift; path = "XCTestCase+FeedLoader.swift"; sourceTree = "<group>"; };
/* End PBXFileReference section */

/* Begin PBXFrameworksBuildPhase section */
		6E864D422A50386800DCC783 /* Frameworks */ = {
			isa = PBXFrameworksBuildPhase;
			buildActionMask = 2147483647;
			files = (
				6E864D902A50399500DCC783 /* EssentialFeed.framework in Frameworks */,
				6E864D922A50399500DCC783 /* EssentialFeediOS.framework in Frameworks */,
			);
			runOnlyForDeploymentPostprocessing = 0;
		};
		6E864D582A50386900DCC783 /* Frameworks */ = {
			isa = PBXFrameworksBuildPhase;
			buildActionMask = 2147483647;
			files = (
			);
			runOnlyForDeploymentPostprocessing = 0;
		};
/* End PBXFrameworksBuildPhase section */

/* Begin PBXGroup section */
		6E6381EB2A52B0E7000DEDB0 /* Snapshots */ = {
			isa = PBXGroup;
			children = (
				6E6381FA2A52B78B000DEDB0 /* EMPTY_FEED_dark.png */,
				6E6382002A52B78B000DEDB0 /* EMPTY_FEED_light.png */,
				6E6381FD2A52B78B000DEDB0 /* EMPTY_FEED.png */,
				6E6381FE2A52B78B000DEDB0 /* FEED_WITH_CONTENT_dark.png */,
				6E6381F92A52B78B000DEDB0 /* FEED_WITH_CONTENT_light.png */,
				6E6381F72A52B78A000DEDB0 /* FEED_WITH_CONTENT.png */,
				6E6381F82A52B78B000DEDB0 /* FEED_WITH_ERROR_MESSAGE_dark.png */,
				6E6381FF2A52B78B000DEDB0 /* FEED_WITH_ERROR_MESSAGE_light.png */,
				6E6381FB2A52B78B000DEDB0 /* FEED_WITH_ERROR_MESSAGE.png */,
				6E6382012A52B78B000DEDB0 /* FEED_WITH_FAILED_IMAGE_LOADING_dark.png */,
				6E6381F62A52B78A000DEDB0 /* FEED_WITH_FAILED_IMAGE_LOADING_light.png */,
				6E6381FC2A52B78B000DEDB0 /* FEED_WITH_FAILED_IMAGE_LOADING.png */,
			);
			path = Snapshots;
			sourceTree = "<group>";
		};
		6E864D3C2A50386800DCC783 = {
			isa = PBXGroup;
			children = (
				6E864D472A50386800DCC783 /* EssentialApp */,
				6E864D5E2A50386900DCC783 /* EssentialAppTests */,
				6E864D462A50386800DCC783 /* Products */,
				6E864D8D2A50399500DCC783 /* Frameworks */,
			);
			sourceTree = "<group>";
		};
		6E864D462A50386800DCC783 /* Products */ = {
			isa = PBXGroup;
			children = (
				6E864D452A50386800DCC783 /* EssentialApp.app */,
				6E864D5B2A50386900DCC783 /* EssentialAppTests.xctest */,
			);
			name = Products;
			sourceTree = "<group>";
		};
		6E864D472A50386800DCC783 /* EssentialApp */ = {
			isa = PBXGroup;
			children = (
				6E864D482A50386800DCC783 /* AppDelegate.swift */,
				6E864D512A50386900DCC783 /* Assets.xcassets */,
				6E4B4EC12A518CC900D0C0B1 /* FeedImageDataLoaderCacheDecorator.swift */,
				6E322D562A51B1B10029755B /* FeedImageDataLoaderPresentationAdapter.swift */,
				6E864D9C2A504E4300DCC783 /* FeedImageDataLoaderWithFallbackComposite.swift */,
				6E4B4EB72A5185D600D0C0B1 /* FeedLoaderCacheDecorator.swift */,
				6E322D582A51B1B10029755B /* FeedLoaderPresentationAdapter.swift */,
				6E864D972A504AAF00DCC783 /* FeedLoaderWithFallbackComposite.swift */,
				6E322D552A51B1B10029755B /* FeedUIComposer.swift */,
				6E322D572A51B1B10029755B /* FeedViewAdapter.swift */,
				6E864D562A50386900DCC783 /* Info.plist */,
				6E864D532A50386900DCC783 /* LaunchScreen.storyboard */,
				6E864D4E2A50386800DCC783 /* Main.storyboard */,
				6E322D592A51B1B10029755B /* MainQueueDispatchDecorator.swift */,
				6E864D4A2A50386800DCC783 /* SceneDelegate.swift */,
				6E864D4C2A50386800DCC783 /* ViewController.swift */,
				6E322D542A51B1B10029755B /* WeakRefVirtualProxy.swift */,
			);
			path = EssentialApp;
			sourceTree = "<group>";
		};
		6E864D5E2A50386900DCC783 /* EssentialAppTests */ = {
			isa = PBXGroup;
			children = (
				6E322D742A51B46C0029755B /* FeedAcceptanceTests.swift */,
				6E4B4EB92A51867C00D0C0B1 /* FeedImageDataLoaderCacheDecoratorTests.swift */,
				6E864D992A504B3100DCC783 /* FeedImageDataLoaderWithFallbackCompositeTests.swift */,
				6E864DA32A5057C400DCC783 /* FeedLoaderCacheDecoratorTests.swift */,
				6E864D952A50484B00DCC783 /* FeedLoaderWithFallbackCompositeTests.swift */,
				6E6381E92A52AFEC000DEDB0 /* FeedSnapshotTests.swift */,
				6E322D722A51B27C0029755B /* FeedUIIntegrationTests.swift */,
				6E864D9E2A504EA300DCC783 /* Helpers */,
				6E322D522A51B06E0029755B /* SceneDelegateTests.swift */,
				6E6381EB2A52B0E7000DEDB0 /* Snapshots */,
			);
			path = EssentialAppTests;
			sourceTree = "<group>";
		};
		6E864D8D2A50399500DCC783 /* Frameworks */ = {
			isa = PBXGroup;
			children = (
				6E864D8E2A50399500DCC783 /* EssentialFeed.framework */,
				6E864D8F2A50399500DCC783 /* EssentialFeediOS.framework */,
			);
			name = Frameworks;
			sourceTree = "<group>";
		};
		6E864D9E2A504EA300DCC783 /* Helpers */ = {
			isa = PBXGroup;
			children = (
				6E322D632A51B2610029755B /* FeedImageCell+TestHelpers.swift */,
				6E4B4EBB2A518A2000D0C0B1 /* FeedImageDataLoaderSpy.swift */,
				6E864DA52A50582D00DCC783 /* FeedLoaderStub.swift */,
				6E322D642A51B2610029755B /* FeedUIIntegrationTests+Assertions.swift */,
				6E322D652A51B2610029755B /* FeedUIIntegrationTests+LoaderSpy.swift */,
				6E322D672A51B2610029755B /* FeedUIIntegrationTests+Localization.swift */,
				6E322D662A51B2610029755B /* FeedViewController+TestHelpers.swift */,
				6E322D762A51B79A0029755B /* HTTPClientStub.swift */,
				6E322D782A51B80C0029755B /* InMemoryFeedStore.swift */,
				6E864DA12A504F0600DCC783 /* SharedTestHelpers.swift */,
				6E322D622A51B2610029755B /* UIButton+TestHelpers.swift */,
				6E322D602A51B2610029755B /* UIControl+TestHelpers.swift */,
				6E322D682A51B2610029755B /* UIImage+TestHelpers.swift */,
				6E322D612A51B2610029755B /* UIRefreshControl+TestHelpers.swift */,
				6E63820E2A52B7C9000DEDB0 /* UIViewController+Snapshot.swift */,
				6E4B4EBD2A518AB900D0C0B1 /* XCTestCase+FeedImageDataLoader.swift */,
				6E864DA72A5058DB00DCC783 /* XCTestCase+FeedLoader.swift */,
				6E864D9F2A504EB300DCC783 /* XCTestCase+MemoryLeakTracking.swift */,
			);
			path = Helpers;
			sourceTree = "<group>";
		};
/* End PBXGroup section */

/* Begin PBXNativeTarget section */
		6E864D442A50386800DCC783 /* EssentialApp */ = {
			isa = PBXNativeTarget;
			buildConfigurationList = 6E864D6F2A50386900DCC783 /* Build configuration list for PBXNativeTarget "EssentialApp" */;
			buildPhases = (
				6E864D412A50386800DCC783 /* Sources */,
				6E864D422A50386800DCC783 /* Frameworks */,
				6E864D432A50386800DCC783 /* Resources */,
				6E864D942A50399500DCC783 /* Embed Frameworks */,
			);
			buildRules = (
			);
			dependencies = (
			);
			name = EssentialApp;
			productName = EssentialApp;
			productReference = 6E864D452A50386800DCC783 /* EssentialApp.app */;
			productType = "com.apple.product-type.application";
		};
		6E864D5A2A50386900DCC783 /* EssentialAppTests */ = {
			isa = PBXNativeTarget;
			buildConfigurationList = 6E864D722A50386900DCC783 /* Build configuration list for PBXNativeTarget "EssentialAppTests" */;
			buildPhases = (
				6E864D572A50386900DCC783 /* Sources */,
				6E864D582A50386900DCC783 /* Frameworks */,
				6E864D592A50386900DCC783 /* Resources */,
			);
			buildRules = (
			);
			dependencies = (
				6E864D5D2A50386900DCC783 /* PBXTargetDependency */,
			);
			name = EssentialAppTests;
			productName = EssentialAppTests;
			productReference = 6E864D5B2A50386900DCC783 /* EssentialAppTests.xctest */;
			productType = "com.apple.product-type.bundle.unit-test";
		};
/* End PBXNativeTarget section */

/* Begin PBXProject section */
		6E864D3D2A50386800DCC783 /* Project object */ = {
			isa = PBXProject;
			attributes = {
				BuildIndependentTargetsInParallel = 1;
				LastSwiftUpdateCheck = 1400;
				LastUpgradeCheck = 1400;
				TargetAttributes = {
					6E864D442A50386800DCC783 = {
						CreatedOnToolsVersion = 14.0.1;
					};
					6E864D5A2A50386900DCC783 = {
						CreatedOnToolsVersion = 14.0.1;
						LastSwiftMigration = 1400;
						TestTargetID = 6E864D442A50386800DCC783;
					};
				};
			};
			buildConfigurationList = 6E864D402A50386800DCC783 /* Build configuration list for PBXProject "EssentialApp" */;
			compatibilityVersion = "Xcode 14.0";
			developmentRegion = en;
			hasScannedForEncodings = 0;
			knownRegions = (
				en,
				Base,
			);
			mainGroup = 6E864D3C2A50386800DCC783;
			productRefGroup = 6E864D462A50386800DCC783 /* Products */;
			projectDirPath = "";
			projectRoot = "";
			targets = (
				6E864D442A50386800DCC783 /* EssentialApp */,
				6E864D5A2A50386900DCC783 /* EssentialAppTests */,
			);
		};
/* End PBXProject section */

/* Begin PBXResourcesBuildPhase section */
		6E864D432A50386800DCC783 /* Resources */ = {
			isa = PBXResourcesBuildPhase;
			buildActionMask = 2147483647;
			files = (
				6E864D552A50386900DCC783 /* LaunchScreen.storyboard in Resources */,
				6E864D522A50386900DCC783 /* Assets.xcassets in Resources */,
				6E864D502A50386800DCC783 /* Main.storyboard in Resources */,
			);
			runOnlyForDeploymentPostprocessing = 0;
		};
		6E864D592A50386900DCC783 /* Resources */ = {
			isa = PBXResourcesBuildPhase;
			buildActionMask = 2147483647;
			files = (
				6E6382042A52B78B000DEDB0 /* FEED_WITH_ERROR_MESSAGE_dark.png in Resources */,
				6E6382022A52B78B000DEDB0 /* FEED_WITH_FAILED_IMAGE_LOADING_light.png in Resources */,
				6E63820C2A52B78B000DEDB0 /* EMPTY_FEED_light.png in Resources */,
				6E6382052A52B78B000DEDB0 /* FEED_WITH_CONTENT_light.png in Resources */,
				6E6382092A52B78B000DEDB0 /* EMPTY_FEED.png in Resources */,
				6E63820A2A52B78B000DEDB0 /* FEED_WITH_CONTENT_dark.png in Resources */,
				6E6382082A52B78B000DEDB0 /* FEED_WITH_FAILED_IMAGE_LOADING.png in Resources */,
				6E6382032A52B78B000DEDB0 /* FEED_WITH_CONTENT.png in Resources */,
				6E63820B2A52B78B000DEDB0 /* FEED_WITH_ERROR_MESSAGE_light.png in Resources */,
				6E63820D2A52B78B000DEDB0 /* FEED_WITH_FAILED_IMAGE_LOADING_dark.png in Resources */,
				6E6382072A52B78B000DEDB0 /* FEED_WITH_ERROR_MESSAGE.png in Resources */,
				6E6382062A52B78B000DEDB0 /* EMPTY_FEED_dark.png in Resources */,
			);
			runOnlyForDeploymentPostprocessing = 0;
		};
/* End PBXResourcesBuildPhase section */

/* Begin PBXSourcesBuildPhase section */
		6E864D412A50386800DCC783 /* Sources */ = {
			isa = PBXSourcesBuildPhase;
			buildActionMask = 2147483647;
			files = (
				6E322D5F2A51B1B10029755B /* FeedViewAdapter.swift in Sources */,
				6E864D4D2A50386800DCC783 /* ViewController.swift in Sources */,
				6E864D492A50386800DCC783 /* AppDelegate.swift in Sources */,
				6E864D982A504AAF00DCC783 /* FeedLoaderWithFallbackComposite.swift in Sources */,
				6E4B4EB82A5185D600D0C0B1 /* FeedLoaderCacheDecorator.swift in Sources */,
				6E864D4B2A50386800DCC783 /* SceneDelegate.swift in Sources */,
				6E322D5D2A51B1B10029755B /* FeedLoaderPresentationAdapter.swift in Sources */,
				6E322D5E2A51B1B10029755B /* FeedUIComposer.swift in Sources */,
				6E322D5B2A51B1B10029755B /* MainQueueDispatchDecorator.swift in Sources */,
				6E864D9D2A504E4300DCC783 /* FeedImageDataLoaderWithFallbackComposite.swift in Sources */,
				6E322D5A2A51B1B10029755B /* WeakRefVirtualProxy.swift in Sources */,
				6E322D5C2A51B1B10029755B /* FeedImageDataLoaderPresentationAdapter.swift in Sources */,
				6E4B4EC22A518CC900D0C0B1 /* FeedImageDataLoaderCacheDecorator.swift in Sources */,
			);
			runOnlyForDeploymentPostprocessing = 0;
		};
		6E864D572A50386900DCC783 /* Sources */ = {
			isa = PBXSourcesBuildPhase;
			buildActionMask = 2147483647;
			files = (
				6E864DA22A504F0600DCC783 /* SharedTestHelpers.swift in Sources */,
				6E322D6B2A51B2610029755B /* UIControl+TestHelpers.swift in Sources */,
				6E322D702A51B2610029755B /* FeedUIIntegrationTests+LoaderSpy.swift in Sources */,
				6E322D692A51B2610029755B /* UIRefreshControl+TestHelpers.swift in Sources */,
				6E4B4EBA2A51867C00D0C0B1 /* FeedImageDataLoaderCacheDecoratorTests.swift in Sources */,
				6E864DA82A5058DB00DCC783 /* XCTestCase+FeedLoader.swift in Sources */,
				6E322D6F2A51B2610029755B /* FeedUIIntegrationTests+Localization.swift in Sources */,
				6E4B4EBE2A518AB900D0C0B1 /* XCTestCase+FeedImageDataLoader.swift in Sources */,
				6E322D712A51B2610029755B /* FeedViewController+TestHelpers.swift in Sources */,
				6E322D532A51B06E0029755B /* SceneDelegateTests.swift in Sources */,
				6E864DA42A5057C400DCC783 /* FeedLoaderCacheDecoratorTests.swift in Sources */,
				6E322D792A51B80C0029755B /* InMemoryFeedStore.swift in Sources */,
				6E63820F2A52B7C9000DEDB0 /* UIViewController+Snapshot.swift in Sources */,
				6E322D6C2A51B2610029755B /* UIImage+TestHelpers.swift in Sources */,
				6E4B4EBC2A518A2000D0C0B1 /* FeedImageDataLoaderSpy.swift in Sources */,
				6E864D9B2A504B6D00DCC783 /* FeedImageDataLoaderWithFallbackCompositeTests.swift in Sources */,
				6E864D962A50484B00DCC783 /* FeedLoaderWithFallbackCompositeTests.swift in Sources */,
				6E322D772A51B79A0029755B /* HTTPClientStub.swift in Sources */,
				6E322D6E2A51B2610029755B /* FeedUIIntegrationTests+Assertions.swift in Sources */,
				6E864DA62A50582D00DCC783 /* FeedLoaderStub.swift in Sources */,
				6E864DA02A504EB300DCC783 /* XCTestCase+MemoryLeakTracking.swift in Sources */,
				6E322D752A51B46C0029755B /* FeedAcceptanceTests.swift in Sources */,
				6E322D6A2A51B2610029755B /* UIButton+TestHelpers.swift in Sources */,
				6E322D732A51B27C0029755B /* FeedUIIntegrationTests.swift in Sources */,
				6E6381EA2A52AFEC000DEDB0 /* FeedSnapshotTests.swift in Sources */,
				6E322D6D2A51B2610029755B /* FeedImageCell+TestHelpers.swift in Sources */,
			);
			runOnlyForDeploymentPostprocessing = 0;
		};
/* End PBXSourcesBuildPhase section */

/* Begin PBXTargetDependency section */
		6E864D5D2A50386900DCC783 /* PBXTargetDependency */ = {
			isa = PBXTargetDependency;
			target = 6E864D442A50386800DCC783 /* EssentialApp */;
			targetProxy = 6E864D5C2A50386900DCC783 /* PBXContainerItemProxy */;
		};
/* End PBXTargetDependency section */

/* Begin PBXVariantGroup section */
		6E864D4E2A50386800DCC783 /* Main.storyboard */ = {
			isa = PBXVariantGroup;
			children = (
				6E864D4F2A50386800DCC783 /* Base */,
			);
			name = Main.storyboard;
			sourceTree = "<group>";
		};
		6E864D532A50386900DCC783 /* LaunchScreen.storyboard */ = {
			isa = PBXVariantGroup;
			children = (
				6E864D542A50386900DCC783 /* Base */,
			);
			name = LaunchScreen.storyboard;
			sourceTree = "<group>";
		};
/* End PBXVariantGroup section */

/* Begin XCBuildConfiguration section */
		6E864D6D2A50386900DCC783 /* Debug */ = {
			isa = XCBuildConfiguration;
			buildSettings = {
				ALWAYS_SEARCH_USER_PATHS = NO;
				CLANG_ANALYZER_NONNULL = YES;
				CLANG_ANALYZER_NUMBER_OBJECT_CONVERSION = YES_AGGRESSIVE;
				CLANG_CXX_LANGUAGE_STANDARD = "gnu++20";
				CLANG_ENABLE_MODULES = YES;
				CLANG_ENABLE_OBJC_ARC = YES;
				CLANG_ENABLE_OBJC_WEAK = YES;
				CLANG_WARN_BLOCK_CAPTURE_AUTORELEASING = YES;
				CLANG_WARN_BOOL_CONVERSION = YES;
				CLANG_WARN_COMMA = YES;
				CLANG_WARN_CONSTANT_CONVERSION = YES;
				CLANG_WARN_DEPRECATED_OBJC_IMPLEMENTATIONS = YES;
				CLANG_WARN_DIRECT_OBJC_ISA_USAGE = YES_ERROR;
				CLANG_WARN_DOCUMENTATION_COMMENTS = YES;
				CLANG_WARN_EMPTY_BODY = YES;
				CLANG_WARN_ENUM_CONVERSION = YES;
				CLANG_WARN_INFINITE_RECURSION = YES;
				CLANG_WARN_INT_CONVERSION = YES;
				CLANG_WARN_NON_LITERAL_NULL_CONVERSION = YES;
				CLANG_WARN_OBJC_IMPLICIT_RETAIN_SELF = YES;
				CLANG_WARN_OBJC_LITERAL_CONVERSION = YES;
				CLANG_WARN_OBJC_ROOT_CLASS = YES_ERROR;
				CLANG_WARN_QUOTED_INCLUDE_IN_FRAMEWORK_HEADER = YES;
				CLANG_WARN_RANGE_LOOP_ANALYSIS = YES;
				CLANG_WARN_STRICT_PROTOTYPES = YES;
				CLANG_WARN_SUSPICIOUS_MOVE = YES;
				CLANG_WARN_UNGUARDED_AVAILABILITY = YES_AGGRESSIVE;
				CLANG_WARN_UNREACHABLE_CODE = YES;
				CLANG_WARN__DUPLICATE_METHOD_MATCH = YES;
				COPY_PHASE_STRIP = NO;
				DEBUG_INFORMATION_FORMAT = dwarf;
				ENABLE_STRICT_OBJC_MSGSEND = YES;
				ENABLE_TESTABILITY = YES;
				GCC_C_LANGUAGE_STANDARD = gnu11;
				GCC_DYNAMIC_NO_PIC = NO;
				GCC_NO_COMMON_BLOCKS = YES;
				GCC_OPTIMIZATION_LEVEL = 0;
				GCC_PREPROCESSOR_DEFINITIONS = (
					"DEBUG=1",
					"$(inherited)",
				);
				GCC_WARN_64_TO_32_BIT_CONVERSION = YES;
				GCC_WARN_ABOUT_RETURN_TYPE = YES_ERROR;
				GCC_WARN_UNDECLARED_SELECTOR = YES;
				GCC_WARN_UNINITIALIZED_AUTOS = YES_AGGRESSIVE;
				GCC_WARN_UNUSED_FUNCTION = YES;
				GCC_WARN_UNUSED_VARIABLE = YES;
				IPHONEOS_DEPLOYMENT_TARGET = 16.0;
				MTL_ENABLE_DEBUG_INFO = INCLUDE_SOURCE;
				MTL_FAST_MATH = YES;
				ONLY_ACTIVE_ARCH = YES;
				SDKROOT = iphoneos;
				SWIFT_ACTIVE_COMPILATION_CONDITIONS = DEBUG;
				SWIFT_OPTIMIZATION_LEVEL = "-Onone";
			};
			name = Debug;
		};
		6E864D6E2A50386900DCC783 /* Release */ = {
			isa = XCBuildConfiguration;
			buildSettings = {
				ALWAYS_SEARCH_USER_PATHS = NO;
				CLANG_ANALYZER_NONNULL = YES;
				CLANG_ANALYZER_NUMBER_OBJECT_CONVERSION = YES_AGGRESSIVE;
				CLANG_CXX_LANGUAGE_STANDARD = "gnu++20";
				CLANG_ENABLE_MODULES = YES;
				CLANG_ENABLE_OBJC_ARC = YES;
				CLANG_ENABLE_OBJC_WEAK = YES;
				CLANG_WARN_BLOCK_CAPTURE_AUTORELEASING = YES;
				CLANG_WARN_BOOL_CONVERSION = YES;
				CLANG_WARN_COMMA = YES;
				CLANG_WARN_CONSTANT_CONVERSION = YES;
				CLANG_WARN_DEPRECATED_OBJC_IMPLEMENTATIONS = YES;
				CLANG_WARN_DIRECT_OBJC_ISA_USAGE = YES_ERROR;
				CLANG_WARN_DOCUMENTATION_COMMENTS = YES;
				CLANG_WARN_EMPTY_BODY = YES;
				CLANG_WARN_ENUM_CONVERSION = YES;
				CLANG_WARN_INFINITE_RECURSION = YES;
				CLANG_WARN_INT_CONVERSION = YES;
				CLANG_WARN_NON_LITERAL_NULL_CONVERSION = YES;
				CLANG_WARN_OBJC_IMPLICIT_RETAIN_SELF = YES;
				CLANG_WARN_OBJC_LITERAL_CONVERSION = YES;
				CLANG_WARN_OBJC_ROOT_CLASS = YES_ERROR;
				CLANG_WARN_QUOTED_INCLUDE_IN_FRAMEWORK_HEADER = YES;
				CLANG_WARN_RANGE_LOOP_ANALYSIS = YES;
				CLANG_WARN_STRICT_PROTOTYPES = YES;
				CLANG_WARN_SUSPICIOUS_MOVE = YES;
				CLANG_WARN_UNGUARDED_AVAILABILITY = YES_AGGRESSIVE;
				CLANG_WARN_UNREACHABLE_CODE = YES;
				CLANG_WARN__DUPLICATE_METHOD_MATCH = YES;
				COPY_PHASE_STRIP = NO;
				DEBUG_INFORMATION_FORMAT = "dwarf-with-dsym";
				ENABLE_NS_ASSERTIONS = NO;
				ENABLE_STRICT_OBJC_MSGSEND = YES;
				GCC_C_LANGUAGE_STANDARD = gnu11;
				GCC_NO_COMMON_BLOCKS = YES;
				GCC_WARN_64_TO_32_BIT_CONVERSION = YES;
				GCC_WARN_ABOUT_RETURN_TYPE = YES_ERROR;
				GCC_WARN_UNDECLARED_SELECTOR = YES;
				GCC_WARN_UNINITIALIZED_AUTOS = YES_AGGRESSIVE;
				GCC_WARN_UNUSED_FUNCTION = YES;
				GCC_WARN_UNUSED_VARIABLE = YES;
				IPHONEOS_DEPLOYMENT_TARGET = 16.0;
				MTL_ENABLE_DEBUG_INFO = NO;
				MTL_FAST_MATH = YES;
				SDKROOT = iphoneos;
				SWIFT_COMPILATION_MODE = wholemodule;
				SWIFT_OPTIMIZATION_LEVEL = "-O";
				VALIDATE_PRODUCT = YES;
			};
			name = Release;
		};
		6E864D702A50386900DCC783 /* Debug */ = {
			isa = XCBuildConfiguration;
			buildSettings = {
				ASSETCATALOG_COMPILER_APPICON_NAME = AppIcon;
				ASSETCATALOG_COMPILER_GLOBAL_ACCENT_COLOR_NAME = AccentColor;
				CODE_SIGN_STYLE = Automatic;
				CURRENT_PROJECT_VERSION = 1;
				DEVELOPMENT_TEAM = 47KQE9A93N;
				GENERATE_INFOPLIST_FILE = YES;
				INFOPLIST_FILE = EssentialApp/Info.plist;
				INFOPLIST_KEY_UIApplicationSupportsIndirectInputEvents = YES;
				INFOPLIST_KEY_UILaunchStoryboardName = LaunchScreen;
				INFOPLIST_KEY_UIMainStoryboardFile = Main;
				INFOPLIST_KEY_UISupportedInterfaceOrientations = UIInterfaceOrientationPortrait;
				INFOPLIST_KEY_UISupportedInterfaceOrientations_iPad = "UIInterfaceOrientationLandscapeLeft UIInterfaceOrientationLandscapeRight UIInterfaceOrientationPortrait UIInterfaceOrientationPortraitUpsideDown";
				LD_RUNPATH_SEARCH_PATHS = (
					"$(inherited)",
					"@executable_path/Frameworks",
				);
				MARKETING_VERSION = 1.0;
				PRODUCT_BUNDLE_IDENTIFIER = "com.stoyan.ios-lead-essentials.EssentialApp";
				PRODUCT_NAME = "$(TARGET_NAME)";
				SWIFT_EMIT_LOC_STRINGS = YES;
				SWIFT_VERSION = 5.0;
				TARGETED_DEVICE_FAMILY = "1,2";
			};
			name = Debug;
		};
		6E864D712A50386900DCC783 /* Release */ = {
			isa = XCBuildConfiguration;
			buildSettings = {
				ASSETCATALOG_COMPILER_APPICON_NAME = AppIcon;
				ASSETCATALOG_COMPILER_GLOBAL_ACCENT_COLOR_NAME = AccentColor;
				CODE_SIGN_STYLE = Automatic;
				CURRENT_PROJECT_VERSION = 1;
				DEVELOPMENT_TEAM = 47KQE9A93N;
				GENERATE_INFOPLIST_FILE = YES;
				INFOPLIST_FILE = EssentialApp/Info.plist;
				INFOPLIST_KEY_UIApplicationSupportsIndirectInputEvents = YES;
				INFOPLIST_KEY_UILaunchStoryboardName = LaunchScreen;
				INFOPLIST_KEY_UIMainStoryboardFile = Main;
				INFOPLIST_KEY_UISupportedInterfaceOrientations = UIInterfaceOrientationPortrait;
				INFOPLIST_KEY_UISupportedInterfaceOrientations_iPad = "UIInterfaceOrientationLandscapeLeft UIInterfaceOrientationLandscapeRight UIInterfaceOrientationPortrait UIInterfaceOrientationPortraitUpsideDown";
				LD_RUNPATH_SEARCH_PATHS = (
					"$(inherited)",
					"@executable_path/Frameworks",
				);
				MARKETING_VERSION = 1.0;
				PRODUCT_BUNDLE_IDENTIFIER = "com.stoyan.ios-lead-essentials.EssentialApp";
				PRODUCT_NAME = "$(TARGET_NAME)";
				SWIFT_EMIT_LOC_STRINGS = YES;
				SWIFT_VERSION = 5.0;
				TARGETED_DEVICE_FAMILY = "1,2";
			};
			name = Release;
		};
		6E864D732A50386900DCC783 /* Debug */ = {
			isa = XCBuildConfiguration;
			buildSettings = {
				ALWAYS_EMBED_SWIFT_STANDARD_LIBRARIES = YES;
				BUNDLE_LOADER = "$(TEST_HOST)";
				CLANG_ENABLE_MODULES = YES;
				CODE_SIGN_STYLE = Automatic;
				CURRENT_PROJECT_VERSION = 1;
				DEVELOPMENT_TEAM = 47KQE9A93N;
				GENERATE_INFOPLIST_FILE = YES;
				IPHONEOS_DEPLOYMENT_TARGET = 16.0;
				LD_RUNPATH_SEARCH_PATHS = (
					"$(inherited)",
					"@executable_path/Frameworks",
					"@loader_path/Frameworks",
				);
				MARKETING_VERSION = 1.0;
				PRODUCT_BUNDLE_IDENTIFIER = "com.stoyan.ios-lead-essentials.EssentialAppTests";
				PRODUCT_NAME = "$(TARGET_NAME)";
				SWIFT_EMIT_LOC_STRINGS = NO;
				SWIFT_OPTIMIZATION_LEVEL = "-Onone";
				SWIFT_VERSION = 5.0;
				TARGETED_DEVICE_FAMILY = "1,2";
				TEST_HOST = "$(BUILT_PRODUCTS_DIR)/EssentialApp.app/$(BUNDLE_EXECUTABLE_FOLDER_PATH)/EssentialApp";
			};
			name = Debug;
		};
		6E864D742A50386900DCC783 /* Release */ = {
			isa = XCBuildConfiguration;
			buildSettings = {
				ALWAYS_EMBED_SWIFT_STANDARD_LIBRARIES = YES;
				BUNDLE_LOADER = "$(TEST_HOST)";
				CLANG_ENABLE_MODULES = YES;
				CODE_SIGN_STYLE = Automatic;
				CURRENT_PROJECT_VERSION = 1;
				DEVELOPMENT_TEAM = 47KQE9A93N;
				GENERATE_INFOPLIST_FILE = YES;
				IPHONEOS_DEPLOYMENT_TARGET = 16.0;
				LD_RUNPATH_SEARCH_PATHS = (
					"$(inherited)",
					"@executable_path/Frameworks",
					"@loader_path/Frameworks",
				);
				MARKETING_VERSION = 1.0;
				PRODUCT_BUNDLE_IDENTIFIER = "com.stoyan.ios-lead-essentials.EssentialAppTests";
				PRODUCT_NAME = "$(TARGET_NAME)";
				SWIFT_EMIT_LOC_STRINGS = NO;
				SWIFT_VERSION = 5.0;
				TARGETED_DEVICE_FAMILY = "1,2";
				TEST_HOST = "$(BUILT_PRODUCTS_DIR)/EssentialApp.app/$(BUNDLE_EXECUTABLE_FOLDER_PATH)/EssentialApp";
			};
			name = Release;
		};
/* End XCBuildConfiguration section */

/* Begin XCConfigurationList section */
		6E864D402A50386800DCC783 /* Build configuration list for PBXProject "EssentialApp" */ = {
			isa = XCConfigurationList;
			buildConfigurations = (
				6E864D6D2A50386900DCC783 /* Debug */,
				6E864D6E2A50386900DCC783 /* Release */,
			);
			defaultConfigurationIsVisible = 0;
			defaultConfigurationName = Release;
		};
		6E864D6F2A50386900DCC783 /* Build configuration list for PBXNativeTarget "EssentialApp" */ = {
			isa = XCConfigurationList;
			buildConfigurations = (
				6E864D702A50386900DCC783 /* Debug */,
				6E864D712A50386900DCC783 /* Release */,
			);
			defaultConfigurationIsVisible = 0;
			defaultConfigurationName = Release;
		};
		6E864D722A50386900DCC783 /* Build configuration list for PBXNativeTarget "EssentialAppTests" */ = {
			isa = XCConfigurationList;
			buildConfigurations = (
				6E864D732A50386900DCC783 /* Debug */,
				6E864D742A50386900DCC783 /* Release */,
			);
			defaultConfigurationIsVisible = 0;
			defaultConfigurationName = Release;
		};
/* End XCConfigurationList section */
	};
	rootObject = 6E864D3D2A50386800DCC783 /* Project object */;
}
