// !$*UTF8*$!
{
	archiveVersion = 1;
	classes = {
	};
	objectVersion = 56;
	objects = {

/* Begin PBXBuildFile section */
		6EB733962A1BA15D0074E82B /* AppDelegate.swift in Sources */ = {isa = PBXBuildFile; fileRef = 6EB733952A1BA15D0074E82B /* AppDelegate.swift */; };
		6EB733982A1BA15D0074E82B /* SceneDelegate.swift in Sources */ = {isa = PBXBuildFile; fileRef = 6EB733972A1BA15D0074E82B /* SceneDelegate.swift */; };
		6EB7339A2A1BA15D0074E82B /* ViewController.swift in Sources */ = {isa = PBXBuildFile; fileRef = 6EB733992A1BA15D0074E82B /* ViewController.swift */; };
		6EB7339D2A1BA15D0074E82B /* Main.storyboard in Resources */ = {isa = PBXBuildFile; fileRef = 6EB7339B2A1BA15D0074E82B /* Main.storyboard */; };
		6EB733A02A1BA15D0074E82B /* ios_lead_essentials_exercises.xcdatamodeld in Sources */ = {isa = PBXBuildFile; fileRef = 6EB7339E2A1BA15D0074E82B /* ios_lead_essentials_exercises.xcdatamodeld */; };
		6EB733A22A1BA15E0074E82B /* Assets.xcassets in Resources */ = {isa = PBXBuildFile; fileRef = 6EB733A12A1BA15E0074E82B /* Assets.xcassets */; };
		6EB733A52A1BA15E0074E82B /* LaunchScreen.storyboard in Resources */ = {isa = PBXBuildFile; fileRef = 6EB733A32A1BA15E0074E82B /* LaunchScreen.storyboard */; };
		6EB733B02A1BA15E0074E82B /* ios_lead_essentials_exercisesTests.swift in Sources */ = {isa = PBXBuildFile; fileRef = 6EB733AF2A1BA15E0074E82B /* ios_lead_essentials_exercisesTests.swift */; };
		6EB733BA2A1BA15E0074E82B /* ios_lead_essentials_exercisesUITests.swift in Sources */ = {isa = PBXBuildFile; fileRef = 6EB733B92A1BA15E0074E82B /* ios_lead_essentials_exercisesUITests.swift */; };
		6EB733BC2A1BA15E0074E82B /* ios_lead_essentials_exercisesUITestsLaunchTests.swift in Sources */ = {isa = PBXBuildFile; fileRef = 6EB733BB2A1BA15E0074E82B /* ios_lead_essentials_exercisesUITestsLaunchTests.swift */; };
		6EB733EF2A1BA2340074E82B /* EssentialFeed.framework in Frameworks */ = {isa = PBXBuildFile; fileRef = 6EB733ED2A1BA2340074E82B /* EssentialFeed.framework */; };
		6EB733F02A1BA2340074E82B /* EssentialFeed.framework in Embed Frameworks */ = {isa = PBXBuildFile; fileRef = 6EB733ED2A1BA2340074E82B /* EssentialFeed.framework */; settings = {ATTRIBUTES = (CodeSignOnCopy, RemoveHeadersOnCopy, ); }; };
		6EB733F12A1BA2340074E82B /* EssentialFeedTests.xctest in Embed PlugIns */ = {isa = PBXBuildFile; fileRef = 6EB733EE2A1BA2340074E82B /* EssentialFeedTests.xctest */; settings = {ATTRIBUTES = (CodeSignOnCopy, RemoveHeadersOnCopy, ); }; };
/* End PBXBuildFile section */

/* Begin PBXContainerItemProxy section */
		6EB733AC2A1BA15E0074E82B /* PBXContainerItemProxy */ = {
			isa = PBXContainerItemProxy;
			containerPortal = 6EB7338A2A1BA15D0074E82B /* Project object */;
			proxyType = 1;
			remoteGlobalIDString = 6EB733912A1BA15D0074E82B;
			remoteInfo = "ios-lead-essentials-exercises";
		};
		6EB733B62A1BA15E0074E82B /* PBXContainerItemProxy */ = {
			isa = PBXContainerItemProxy;
			containerPortal = 6EB7338A2A1BA15D0074E82B /* Project object */;
			proxyType = 1;
			remoteGlobalIDString = 6EB733912A1BA15D0074E82B;
			remoteInfo = "ios-lead-essentials-exercises";
		};
/* End PBXContainerItemProxy section */

/* Begin PBXCopyFilesBuildPhase section */
		6EB733F22A1BA2340074E82B /* Embed Frameworks */ = {
			isa = PBXCopyFilesBuildPhase;
			buildActionMask = 2147483647;
			dstPath = "";
			dstSubfolderSpec = 10;
			files = (
				6EB733F02A1BA2340074E82B /* EssentialFeed.framework in Embed Frameworks */,
			);
			name = "Embed Frameworks";
			runOnlyForDeploymentPostprocessing = 0;
		};
		6EB733F32A1BA2340074E82B /* Embed PlugIns */ = {
			isa = PBXCopyFilesBuildPhase;
			buildActionMask = 2147483647;
			dstPath = "";
			dstSubfolderSpec = 13;
			files = (
				6EB733F12A1BA2340074E82B /* EssentialFeedTests.xctest in Embed PlugIns */,
			);
			name = "Embed PlugIns";
			runOnlyForDeploymentPostprocessing = 0;
		};
/* End PBXCopyFilesBuildPhase section */

/* Begin PBXFileReference section */
		6EB733922A1BA15D0074E82B /* ios-lead-essentials-exercises.app */ = {isa = PBXFileReference; explicitFileType = wrapper.application; includeInIndex = 0; path = "ios-lead-essentials-exercises.app"; sourceTree = BUILT_PRODUCTS_DIR; };
		6EB733952A1BA15D0074E82B /* AppDelegate.swift */ = {isa = PBXFileReference; lastKnownFileType = sourcecode.swift; path = AppDelegate.swift; sourceTree = "<group>"; };
		6EB733972A1BA15D0074E82B /* SceneDelegate.swift */ = {isa = PBXFileReference; lastKnownFileType = sourcecode.swift; path = SceneDelegate.swift; sourceTree = "<group>"; };
		6EB733992A1BA15D0074E82B /* ViewController.swift */ = {isa = PBXFileReference; lastKnownFileType = sourcecode.swift; path = ViewController.swift; sourceTree = "<group>"; };
		6EB7339C2A1BA15D0074E82B /* Base */ = {isa = PBXFileReference; lastKnownFileType = file.storyboard; name = Base; path = Base.lproj/Main.storyboard; sourceTree = "<group>"; };
		6EB7339F2A1BA15D0074E82B /* ios_lead_essentials_exercises.xcdatamodel */ = {isa = PBXFileReference; lastKnownFileType = wrapper.xcdatamodel; path = ios_lead_essentials_exercises.xcdatamodel; sourceTree = "<group>"; };
		6EB733A12A1BA15E0074E82B /* Assets.xcassets */ = {isa = PBXFileReference; lastKnownFileType = folder.assetcatalog; path = Assets.xcassets; sourceTree = "<group>"; };
		6EB733A42A1BA15E0074E82B /* Base */ = {isa = PBXFileReference; lastKnownFileType = file.storyboard; name = Base; path = Base.lproj/LaunchScreen.storyboard; sourceTree = "<group>"; };
		6EB733A62A1BA15E0074E82B /* Info.plist */ = {isa = PBXFileReference; lastKnownFileType = text.plist.xml; path = Info.plist; sourceTree = "<group>"; };
		6EB733AB2A1BA15E0074E82B /* ios-lead-essentials-exercisesTests.xctest */ = {isa = PBXFileReference; explicitFileType = wrapper.cfbundle; includeInIndex = 0; path = "ios-lead-essentials-exercisesTests.xctest"; sourceTree = BUILT_PRODUCTS_DIR; };
		6EB733AF2A1BA15E0074E82B /* ios_lead_essentials_exercisesTests.swift */ = {isa = PBXFileReference; lastKnownFileType = sourcecode.swift; path = ios_lead_essentials_exercisesTests.swift; sourceTree = "<group>"; };
		6EB733B52A1BA15E0074E82B /* ios-lead-essentials-exercisesUITests.xctest */ = {isa = PBXFileReference; explicitFileType = wrapper.cfbundle; includeInIndex = 0; path = "ios-lead-essentials-exercisesUITests.xctest"; sourceTree = BUILT_PRODUCTS_DIR; };
		6EB733B92A1BA15E0074E82B /* ios_lead_essentials_exercisesUITests.swift */ = {isa = PBXFileReference; lastKnownFileType = sourcecode.swift; path = ios_lead_essentials_exercisesUITests.swift; sourceTree = "<group>"; };
		6EB733BB2A1BA15E0074E82B /* ios_lead_essentials_exercisesUITestsLaunchTests.swift */ = {isa = PBXFileReference; lastKnownFileType = sourcecode.swift; path = ios_lead_essentials_exercisesUITestsLaunchTests.swift; sourceTree = "<group>"; };
		6EB733ED2A1BA2340074E82B /* EssentialFeed.framework */ = {isa = PBXFileReference; explicitFileType = wrapper.framework; path = EssentialFeed.framework; sourceTree = BUILT_PRODUCTS_DIR; };
		6EB733EE2A1BA2340074E82B /* EssentialFeedTests.xctest */ = {isa = PBXFileReference; explicitFileType = wrapper.cfbundle; path = EssentialFeedTests.xctest; sourceTree = BUILT_PRODUCTS_DIR; };
/* End PBXFileReference section */

/* Begin PBXFrameworksBuildPhase section */
		6EB7338F2A1BA15D0074E82B /* Frameworks */ = {
			isa = PBXFrameworksBuildPhase;
			buildActionMask = 2147483647;
			files = (
				6EB733EF2A1BA2340074E82B /* EssentialFeed.framework in Frameworks */,
			);
			runOnlyForDeploymentPostprocessing = 0;
		};
		6EB733A82A1BA15E0074E82B /* Frameworks */ = {
			isa = PBXFrameworksBuildPhase;
			buildActionMask = 2147483647;
			files = (
			);
			runOnlyForDeploymentPostprocessing = 0;
		};
		6EB733B22A1BA15E0074E82B /* Frameworks */ = {
			isa = PBXFrameworksBuildPhase;
			buildActionMask = 2147483647;
			files = (
			);
			runOnlyForDeploymentPostprocessing = 0;
		};
/* End PBXFrameworksBuildPhase section */

/* Begin PBXGroup section */
		6EB733892A1BA15D0074E82B = {
			isa = PBXGroup;
			children = (
				6EB733942A1BA15D0074E82B /* ios-lead-essentials-exercises */,
				6EB733AE2A1BA15E0074E82B /* ios-lead-essentials-exercisesTests */,
				6EB733B82A1BA15E0074E82B /* ios-lead-essentials-exercisesUITests */,
				6EB733932A1BA15D0074E82B /* Products */,
				6EB733EC2A1BA2340074E82B /* Frameworks */,
			);
			sourceTree = "<group>";
		};
		6EB733932A1BA15D0074E82B /* Products */ = {
			isa = PBXGroup;
			children = (
				6EB733922A1BA15D0074E82B /* ios-lead-essentials-exercises.app */,
				6EB733AB2A1BA15E0074E82B /* ios-lead-essentials-exercisesTests.xctest */,
				6EB733B52A1BA15E0074E82B /* ios-lead-essentials-exercisesUITests.xctest */,
			);
			name = Products;
			sourceTree = "<group>";
		};
		6EB733942A1BA15D0074E82B /* ios-lead-essentials-exercises */ = {
			isa = PBXGroup;
			children = (
				6EB733952A1BA15D0074E82B /* AppDelegate.swift */,
				6EB733972A1BA15D0074E82B /* SceneDelegate.swift */,
				6EB733992A1BA15D0074E82B /* ViewController.swift */,
				6EB7339B2A1BA15D0074E82B /* Main.storyboard */,
				6EB733A12A1BA15E0074E82B /* Assets.xcassets */,
				6EB733A32A1BA15E0074E82B /* LaunchScreen.storyboard */,
				6EB733A62A1BA15E0074E82B /* Info.plist */,
				6EB7339E2A1BA15D0074E82B /* ios_lead_essentials_exercises.xcdatamodeld */,
			);
			path = "ios-lead-essentials-exercises";
			sourceTree = "<group>";
		};
		6EB733AE2A1BA15E0074E82B /* ios-lead-essentials-exercisesTests */ = {
			isa = PBXGroup;
			children = (
				6EB733AF2A1BA15E0074E82B /* ios_lead_essentials_exercisesTests.swift */,
			);
			path = "ios-lead-essentials-exercisesTests";
			sourceTree = "<group>";
		};
		6EB733B82A1BA15E0074E82B /* ios-lead-essentials-exercisesUITests */ = {
			isa = PBXGroup;
			children = (
				6EB733B92A1BA15E0074E82B /* ios_lead_essentials_exercisesUITests.swift */,
				6EB733BB2A1BA15E0074E82B /* ios_lead_essentials_exercisesUITestsLaunchTests.swift */,
			);
			path = "ios-lead-essentials-exercisesUITests";
			sourceTree = "<group>";
		};
		6EB733EC2A1BA2340074E82B /* Frameworks */ = {
			isa = PBXGroup;
			children = (
				6EB733ED2A1BA2340074E82B /* EssentialFeed.framework */,
				6EB733EE2A1BA2340074E82B /* EssentialFeedTests.xctest */,
			);
			name = Frameworks;
			sourceTree = "<group>";
		};
/* End PBXGroup section */

/* Begin PBXNativeTarget section */
		6EB733912A1BA15D0074E82B /* ios-lead-essentials-exercises */ = {
			isa = PBXNativeTarget;
			buildConfigurationList = 6EB733BF2A1BA15E0074E82B /* Build configuration list for PBXNativeTarget "ios-lead-essentials-exercises" */;
			buildPhases = (
				6EB7338E2A1BA15D0074E82B /* Sources */,
				6EB7338F2A1BA15D0074E82B /* Frameworks */,
				6EB733902A1BA15D0074E82B /* Resources */,
				6EB733F22A1BA2340074E82B /* Embed Frameworks */,
				6EB733F32A1BA2340074E82B /* Embed PlugIns */,
			);
			buildRules = (
			);
			dependencies = (
			);
			name = "ios-lead-essentials-exercises";
			productName = "ios-lead-essentials-exercises";
			productReference = 6EB733922A1BA15D0074E82B /* ios-lead-essentials-exercises.app */;
			productType = "com.apple.product-type.application";
		};
		6EB733AA2A1BA15E0074E82B /* ios-lead-essentials-exercisesTests */ = {
			isa = PBXNativeTarget;
			buildConfigurationList = 6EB733C22A1BA15E0074E82B /* Build configuration list for PBXNativeTarget "ios-lead-essentials-exercisesTests" */;
			buildPhases = (
				6EB733A72A1BA15E0074E82B /* Sources */,
				6EB733A82A1BA15E0074E82B /* Frameworks */,
				6EB733A92A1BA15E0074E82B /* Resources */,
			);
			buildRules = (
			);
			dependencies = (
				6EB733AD2A1BA15E0074E82B /* PBXTargetDependency */,
			);
			name = "ios-lead-essentials-exercisesTests";
			productName = "ios-lead-essentials-exercisesTests";
			productReference = 6EB733AB2A1BA15E0074E82B /* ios-lead-essentials-exercisesTests.xctest */;
			productType = "com.apple.product-type.bundle.unit-test";
		};
		6EB733B42A1BA15E0074E82B /* ios-lead-essentials-exercisesUITests */ = {
			isa = PBXNativeTarget;
			buildConfigurationList = 6EB733C52A1BA15E0074E82B /* Build configuration list for PBXNativeTarget "ios-lead-essentials-exercisesUITests" */;
			buildPhases = (
				6EB733B12A1BA15E0074E82B /* Sources */,
				6EB733B22A1BA15E0074E82B /* Frameworks */,
				6EB733B32A1BA15E0074E82B /* Resources */,
			);
			buildRules = (
			);
			dependencies = (
				6EB733B72A1BA15E0074E82B /* PBXTargetDependency */,
			);
			name = "ios-lead-essentials-exercisesUITests";
			productName = "ios-lead-essentials-exercisesUITests";
			productReference = 6EB733B52A1BA15E0074E82B /* ios-lead-essentials-exercisesUITests.xctest */;
			productType = "com.apple.product-type.bundle.ui-testing";
		};
/* End PBXNativeTarget section */

/* Begin PBXProject section */
		6EB7338A2A1BA15D0074E82B /* Project object */ = {
			isa = PBXProject;
			attributes = {
				BuildIndependentTargetsInParallel = 1;
				LastSwiftUpdateCheck = 1400;
				LastUpgradeCheck = 1400;
				TargetAttributes = {
					6EB733912A1BA15D0074E82B = {
						CreatedOnToolsVersion = 14.0.1;
					};
					6EB733AA2A1BA15E0074E82B = {
						CreatedOnToolsVersion = 14.0.1;
						TestTargetID = 6EB733912A1BA15D0074E82B;
					};
					6EB733B42A1BA15E0074E82B = {
						CreatedOnToolsVersion = 14.0.1;
						TestTargetID = 6EB733912A1BA15D0074E82B;
					};
				};
			};
			buildConfigurationList = 6EB7338D2A1BA15D0074E82B /* Build configuration list for PBXProject "ios-lead-essentials-exercises" */;
			compatibilityVersion = "Xcode 14.0";
			developmentRegion = en;
			hasScannedForEncodings = 0;
			knownRegions = (
				en,
				Base,
			);
			mainGroup = 6EB733892A1BA15D0074E82B;
			productRefGroup = 6EB733932A1BA15D0074E82B /* Products */;
			projectDirPath = "";
			projectRoot = "";
			targets = (
				6EB733912A1BA15D0074E82B /* ios-lead-essentials-exercises */,
				6EB733AA2A1BA15E0074E82B /* ios-lead-essentials-exercisesTests */,
				6EB733B42A1BA15E0074E82B /* ios-lead-essentials-exercisesUITests */,
			);
		};
/* End PBXProject section */

/* Begin PBXResourcesBuildPhase section */
		6EB733902A1BA15D0074E82B /* Resources */ = {
			isa = PBXResourcesBuildPhase;
			buildActionMask = 2147483647;
			files = (
				6EB733A52A1BA15E0074E82B /* LaunchScreen.storyboard in Resources */,
				6EB733A22A1BA15E0074E82B /* Assets.xcassets in Resources */,
				6EB7339D2A1BA15D0074E82B /* Main.storyboard in Resources */,
			);
			runOnlyForDeploymentPostprocessing = 0;
		};
		6EB733A92A1BA15E0074E82B /* Resources */ = {
			isa = PBXResourcesBuildPhase;
			buildActionMask = 2147483647;
			files = (
			);
			runOnlyForDeploymentPostprocessing = 0;
		};
		6EB733B32A1BA15E0074E82B /* Resources */ = {
			isa = PBXResourcesBuildPhase;
			buildActionMask = 2147483647;
			files = (
			);
			runOnlyForDeploymentPostprocessing = 0;
		};
/* End PBXResourcesBuildPhase section */

/* Begin PBXSourcesBuildPhase section */
		6EB7338E2A1BA15D0074E82B /* Sources */ = {
			isa = PBXSourcesBuildPhase;
			buildActionMask = 2147483647;
			files = (
				6EB7339A2A1BA15D0074E82B /* ViewController.swift in Sources */,
				6EB733962A1BA15D0074E82B /* AppDelegate.swift in Sources */,
				6EB733A02A1BA15D0074E82B /* ios_lead_essentials_exercises.xcdatamodeld in Sources */,
				6EB733982A1BA15D0074E82B /* SceneDelegate.swift in Sources */,
			);
			runOnlyForDeploymentPostprocessing = 0;
		};
		6EB733A72A1BA15E0074E82B /* Sources */ = {
			isa = PBXSourcesBuildPhase;
			buildActionMask = 2147483647;
			files = (
				6EB733B02A1BA15E0074E82B /* ios_lead_essentials_exercisesTests.swift in Sources */,
			);
			runOnlyForDeploymentPostprocessing = 0;
		};
		6EB733B12A1BA15E0074E82B /* Sources */ = {
			isa = PBXSourcesBuildPhase;
			buildActionMask = 2147483647;
			files = (
				6EB733BA2A1BA15E0074E82B /* ios_lead_essentials_exercisesUITests.swift in Sources */,
				6EB733BC2A1BA15E0074E82B /* ios_lead_essentials_exercisesUITestsLaunchTests.swift in Sources */,
			);
			runOnlyForDeploymentPostprocessing = 0;
		};
/* End PBXSourcesBuildPhase section */

/* Begin PBXTargetDependency section */
		6EB733AD2A1BA15E0074E82B /* PBXTargetDependency */ = {
			isa = PBXTargetDependency;
			target = 6EB733912A1BA15D0074E82B /* ios-lead-essentials-exercises */;
			targetProxy = 6EB733AC2A1BA15E0074E82B /* PBXContainerItemProxy */;
		};
		6EB733B72A1BA15E0074E82B /* PBXTargetDependency */ = {
			isa = PBXTargetDependency;
			target = 6EB733912A1BA15D0074E82B /* ios-lead-essentials-exercises */;
			targetProxy = 6EB733B62A1BA15E0074E82B /* PBXContainerItemProxy */;
		};
/* End PBXTargetDependency section */

/* Begin PBXVariantGroup section */
		6EB7339B2A1BA15D0074E82B /* Main.storyboard */ = {
			isa = PBXVariantGroup;
			children = (
				6EB7339C2A1BA15D0074E82B /* Base */,
			);
			name = Main.storyboard;
			sourceTree = "<group>";
		};
		6EB733A32A1BA15E0074E82B /* LaunchScreen.storyboard */ = {
			isa = PBXVariantGroup;
			children = (
				6EB733A42A1BA15E0074E82B /* Base */,
			);
			name = LaunchScreen.storyboard;
			sourceTree = "<group>";
		};
/* End PBXVariantGroup section */

/* Begin XCBuildConfiguration section */
		6EB733BD2A1BA15E0074E82B /* Debug */ = {
			isa = XCBuildConfiguration;
			buildSettings = {
				ALWAYS_SEARCH_USER_PATHS = NO;
				CLANG_ANALYZER_NONNULL = YES;
				CLANG_ANALYZER_NUMBER_OBJECT_CONVERSION = YES_AGGRESSIVE;
				CLANG_CXX_LANGUAGE_STANDARD = "gnu++20";
				CLANG_ENABLE_MODULES = YES;
				CLANG_ENABLE_OBJC_ARC = YES;
				CLANG_ENABLE_OBJC_WEAK = YES;
				CLANG_WARN_BLOCK_CAPTURE_AUTORELEASING = YES;
				CLANG_WARN_BOOL_CONVERSION = YES;
				CLANG_WARN_COMMA = YES;
				CLANG_WARN_CONSTANT_CONVERSION = YES;
				CLANG_WARN_DEPRECATED_OBJC_IMPLEMENTATIONS = YES;
				CLANG_WARN_DIRECT_OBJC_ISA_USAGE = YES_ERROR;
				CLANG_WARN_DOCUMENTATION_COMMENTS = YES;
				CLANG_WARN_EMPTY_BODY = YES;
				CLANG_WARN_ENUM_CONVERSION = YES;
				CLANG_WARN_INFINITE_RECURSION = YES;
				CLANG_WARN_INT_CONVERSION = YES;
				CLANG_WARN_NON_LITERAL_NULL_CONVERSION = YES;
				CLANG_WARN_OBJC_IMPLICIT_RETAIN_SELF = YES;
				CLANG_WARN_OBJC_LITERAL_CONVERSION = YES;
				CLANG_WARN_OBJC_ROOT_CLASS = YES_ERROR;
				CLANG_WARN_QUOTED_INCLUDE_IN_FRAMEWORK_HEADER = YES;
				CLANG_WARN_RANGE_LOOP_ANALYSIS = YES;
				CLANG_WARN_STRICT_PROTOTYPES = YES;
				CLANG_WARN_SUSPICIOUS_MOVE = YES;
				CLANG_WARN_UNGUARDED_AVAILABILITY = YES_AGGRESSIVE;
				CLANG_WARN_UNREACHABLE_CODE = YES;
				CLANG_WARN__DUPLICATE_METHOD_MATCH = YES;
				COPY_PHASE_STRIP = NO;
				DEBUG_INFORMATION_FORMAT = dwarf;
				ENABLE_STRICT_OBJC_MSGSEND = YES;
				ENABLE_TESTABILITY = YES;
				GCC_C_LANGUAGE_STANDARD = gnu11;
				GCC_DYNAMIC_NO_PIC = NO;
				GCC_NO_COMMON_BLOCKS = YES;
				GCC_OPTIMIZATION_LEVEL = 0;
				GCC_PREPROCESSOR_DEFINITIONS = (
					"DEBUG=1",
					"$(inherited)",
				);
				GCC_WARN_64_TO_32_BIT_CONVERSION = YES;
				GCC_WARN_ABOUT_RETURN_TYPE = YES_ERROR;
				GCC_WARN_UNDECLARED_SELECTOR = YES;
				GCC_WARN_UNINITIALIZED_AUTOS = YES_AGGRESSIVE;
				GCC_WARN_UNUSED_FUNCTION = YES;
				GCC_WARN_UNUSED_VARIABLE = YES;
				IPHONEOS_DEPLOYMENT_TARGET = 16.0;
				MTL_ENABLE_DEBUG_INFO = INCLUDE_SOURCE;
				MTL_FAST_MATH = YES;
				ONLY_ACTIVE_ARCH = YES;
				SDKROOT = iphoneos;
				SWIFT_ACTIVE_COMPILATION_CONDITIONS = DEBUG;
				SWIFT_OPTIMIZATION_LEVEL = "-Onone";
			};
			name = Debug;
		};
		6EB733BE2A1BA15E0074E82B /* Release */ = {
			isa = XCBuildConfiguration;
			buildSettings = {
				ALWAYS_SEARCH_USER_PATHS = NO;
				CLANG_ANALYZER_NONNULL = YES;
				CLANG_ANALYZER_NUMBER_OBJECT_CONVERSION = YES_AGGRESSIVE;
				CLANG_CXX_LANGUAGE_STANDARD = "gnu++20";
				CLANG_ENABLE_MODULES = YES;
				CLANG_ENABLE_OBJC_ARC = YES;
				CLANG_ENABLE_OBJC_WEAK = YES;
				CLANG_WARN_BLOCK_CAPTURE_AUTORELEASING = YES;
				CLANG_WARN_BOOL_CONVERSION = YES;
				CLANG_WARN_COMMA = YES;
				CLANG_WARN_CONSTANT_CONVERSION = YES;
				CLANG_WARN_DEPRECATED_OBJC_IMPLEMENTATIONS = YES;
				CLANG_WARN_DIRECT_OBJC_ISA_USAGE = YES_ERROR;
				CLANG_WARN_DOCUMENTATION_COMMENTS = YES;
				CLANG_WARN_EMPTY_BODY = YES;
				CLANG_WARN_ENUM_CONVERSION = YES;
				CLANG_WARN_INFINITE_RECURSION = YES;
				CLANG_WARN_INT_CONVERSION = YES;
				CLANG_WARN_NON_LITERAL_NULL_CONVERSION = YES;
				CLANG_WARN_OBJC_IMPLICIT_RETAIN_SELF = YES;
				CLANG_WARN_OBJC_LITERAL_CONVERSION = YES;
				CLANG_WARN_OBJC_ROOT_CLASS = YES_ERROR;
				CLANG_WARN_QUOTED_INCLUDE_IN_FRAMEWORK_HEADER = YES;
				CLANG_WARN_RANGE_LOOP_ANALYSIS = YES;
				CLANG_WARN_STRICT_PROTOTYPES = YES;
				CLANG_WARN_SUSPICIOUS_MOVE = YES;
				CLANG_WARN_UNGUARDED_AVAILABILITY = YES_AGGRESSIVE;
				CLANG_WARN_UNREACHABLE_CODE = YES;
				CLANG_WARN__DUPLICATE_METHOD_MATCH = YES;
				COPY_PHASE_STRIP = NO;
				DEBUG_INFORMATION_FORMAT = "dwarf-with-dsym";
				ENABLE_NS_ASSERTIONS = NO;
				ENABLE_STRICT_OBJC_MSGSEND = YES;
				GCC_C_LANGUAGE_STANDARD = gnu11;
				GCC_NO_COMMON_BLOCKS = YES;
				GCC_WARN_64_TO_32_BIT_CONVERSION = YES;
				GCC_WARN_ABOUT_RETURN_TYPE = YES_ERROR;
				GCC_WARN_UNDECLARED_SELECTOR = YES;
				GCC_WARN_UNINITIALIZED_AUTOS = YES_AGGRESSIVE;
				GCC_WARN_UNUSED_FUNCTION = YES;
				GCC_WARN_UNUSED_VARIABLE = YES;
				IPHONEOS_DEPLOYMENT_TARGET = 16.0;
				MTL_ENABLE_DEBUG_INFO = NO;
				MTL_FAST_MATH = YES;
				SDKROOT = iphoneos;
				SWIFT_COMPILATION_MODE = wholemodule;
				SWIFT_OPTIMIZATION_LEVEL = "-O";
				VALIDATE_PRODUCT = YES;
			};
			name = Release;
		};
		6EB733C02A1BA15E0074E82B /* Debug */ = {
			isa = XCBuildConfiguration;
			buildSettings = {
				ASSETCATALOG_COMPILER_APPICON_NAME = AppIcon;
				ASSETCATALOG_COMPILER_GLOBAL_ACCENT_COLOR_NAME = AccentColor;
				CODE_SIGN_STYLE = Automatic;
				CURRENT_PROJECT_VERSION = 1;
				DEVELOPMENT_TEAM = 47KQE9A93N;
				GENERATE_INFOPLIST_FILE = YES;
				INFOPLIST_FILE = "ios-lead-essentials-exercises/Info.plist";
				INFOPLIST_KEY_UIApplicationSupportsIndirectInputEvents = YES;
				INFOPLIST_KEY_UILaunchStoryboardName = LaunchScreen;
				INFOPLIST_KEY_UIMainStoryboardFile = Main;
				INFOPLIST_KEY_UISupportedInterfaceOrientations_iPad = "UIInterfaceOrientationPortrait UIInterfaceOrientationPortraitUpsideDown UIInterfaceOrientationLandscapeLeft UIInterfaceOrientationLandscapeRight";
				INFOPLIST_KEY_UISupportedInterfaceOrientations_iPhone = "UIInterfaceOrientationPortrait UIInterfaceOrientationLandscapeLeft UIInterfaceOrientationLandscapeRight";
				LD_RUNPATH_SEARCH_PATHS = (
					"$(inherited)",
					"@executable_path/Frameworks",
				);
				MARKETING_VERSION = 1.0;
				PRODUCT_BUNDLE_IDENTIFIER = "com.stoyan.ios-lead-essentials.ios-lead-essentials-exercises";
				PRODUCT_NAME = "$(TARGET_NAME)";
				SWIFT_EMIT_LOC_STRINGS = YES;
				SWIFT_VERSION = 5.0;
				TARGETED_DEVICE_FAMILY = "1,2";
			};
			name = Debug;
		};
		6EB733C12A1BA15E0074E82B /* Release */ = {
			isa = XCBuildConfiguration;
			buildSettings = {
				ASSETCATALOG_COMPILER_APPICON_NAME = AppIcon;
				ASSETCATALOG_COMPILER_GLOBAL_ACCENT_COLOR_NAME = AccentColor;
				CODE_SIGN_STYLE = Automatic;
				CURRENT_PROJECT_VERSION = 1;
				DEVELOPMENT_TEAM = 47KQE9A93N;
				GENERATE_INFOPLIST_FILE = YES;
				INFOPLIST_FILE = "ios-lead-essentials-exercises/Info.plist";
				INFOPLIST_KEY_UIApplicationSupportsIndirectInputEvents = YES;
				INFOPLIST_KEY_UILaunchStoryboardName = LaunchScreen;
				INFOPLIST_KEY_UIMainStoryboardFile = Main;
				INFOPLIST_KEY_UISupportedInterfaceOrientations_iPad = "UIInterfaceOrientationPortrait UIInterfaceOrientationPortraitUpsideDown UIInterfaceOrientationLandscapeLeft UIInterfaceOrientationLandscapeRight";
				INFOPLIST_KEY_UISupportedInterfaceOrientations_iPhone = "UIInterfaceOrientationPortrait UIInterfaceOrientationLandscapeLeft UIInterfaceOrientationLandscapeRight";
				LD_RUNPATH_SEARCH_PATHS = (
					"$(inherited)",
					"@executable_path/Frameworks",
				);
				MARKETING_VERSION = 1.0;
				PRODUCT_BUNDLE_IDENTIFIER = "com.stoyan.ios-lead-essentials.ios-lead-essentials-exercises";
				PRODUCT_NAME = "$(TARGET_NAME)";
				SWIFT_EMIT_LOC_STRINGS = YES;
				SWIFT_VERSION = 5.0;
				TARGETED_DEVICE_FAMILY = "1,2";
			};
			name = Release;
		};
		6EB733C32A1BA15E0074E82B /* Debug */ = {
			isa = XCBuildConfiguration;
			buildSettings = {
				ALWAYS_EMBED_SWIFT_STANDARD_LIBRARIES = YES;
				BUNDLE_LOADER = "$(TEST_HOST)";
				CODE_SIGN_STYLE = Automatic;
				CURRENT_PROJECT_VERSION = 1;
				DEVELOPMENT_TEAM = 47KQE9A93N;
				GENERATE_INFOPLIST_FILE = YES;
				IPHONEOS_DEPLOYMENT_TARGET = 16.0;
				MARKETING_VERSION = 1.0;
				PRODUCT_BUNDLE_IDENTIFIER = "com.stoyan.ios-lead-essentials.ios-lead-essentials-exercisesTests";
				PRODUCT_NAME = "$(TARGET_NAME)";
				SWIFT_EMIT_LOC_STRINGS = NO;
				SWIFT_VERSION = 5.0;
				TARGETED_DEVICE_FAMILY = "1,2";
				TEST_HOST = "$(BUILT_PRODUCTS_DIR)/ios-lead-essentials-exercises.app/$(BUNDLE_EXECUTABLE_FOLDER_PATH)/ios-lead-essentials-exercises";
			};
			name = Debug;
		};
		6EB733C42A1BA15E0074E82B /* Release */ = {
			isa = XCBuildConfiguration;
			buildSettings = {
				ALWAYS_EMBED_SWIFT_STANDARD_LIBRARIES = YES;
				BUNDLE_LOADER = "$(TEST_HOST)";
				CODE_SIGN_STYLE = Automatic;
				CURRENT_PROJECT_VERSION = 1;
				DEVELOPMENT_TEAM = 47KQE9A93N;
				GENERATE_INFOPLIST_FILE = YES;
				IPHONEOS_DEPLOYMENT_TARGET = 16.0;
				MARKETING_VERSION = 1.0;
				PRODUCT_BUNDLE_IDENTIFIER = "com.stoyan.ios-lead-essentials.ios-lead-essentials-exercisesTests";
				PRODUCT_NAME = "$(TARGET_NAME)";
				SWIFT_EMIT_LOC_STRINGS = NO;
				SWIFT_VERSION = 5.0;
				TARGETED_DEVICE_FAMILY = "1,2";
				TEST_HOST = "$(BUILT_PRODUCTS_DIR)/ios-lead-essentials-exercises.app/$(BUNDLE_EXECUTABLE_FOLDER_PATH)/ios-lead-essentials-exercises";
			};
			name = Release;
		};
		6EB733C62A1BA15E0074E82B /* Debug */ = {
			isa = XCBuildConfiguration;
			buildSettings = {
				ALWAYS_EMBED_SWIFT_STANDARD_LIBRARIES = YES;
				CODE_SIGN_STYLE = Automatic;
				CURRENT_PROJECT_VERSION = 1;
				DEVELOPMENT_TEAM = 47KQE9A93N;
				GENERATE_INFOPLIST_FILE = YES;
				MARKETING_VERSION = 1.0;
				PRODUCT_BUNDLE_IDENTIFIER = "com.stoyan.ios-lead-essentials.ios-lead-essentials-exercisesUITests";
				PRODUCT_NAME = "$(TARGET_NAME)";
				SWIFT_EMIT_LOC_STRINGS = NO;
				SWIFT_VERSION = 5.0;
				TARGETED_DEVICE_FAMILY = "1,2";
				TEST_TARGET_NAME = "ios-lead-essentials-exercises";
			};
			name = Debug;
		};
		6EB733C72A1BA15E0074E82B /* Release */ = {
			isa = XCBuildConfiguration;
			buildSettings = {
				ALWAYS_EMBED_SWIFT_STANDARD_LIBRARIES = YES;
				CODE_SIGN_STYLE = Automatic;
				CURRENT_PROJECT_VERSION = 1;
				DEVELOPMENT_TEAM = 47KQE9A93N;
				GENERATE_INFOPLIST_FILE = YES;
				MARKETING_VERSION = 1.0;
				PRODUCT_BUNDLE_IDENTIFIER = "com.stoyan.ios-lead-essentials.ios-lead-essentials-exercisesUITests";
				PRODUCT_NAME = "$(TARGET_NAME)";
				SWIFT_EMIT_LOC_STRINGS = NO;
				SWIFT_VERSION = 5.0;
				TARGETED_DEVICE_FAMILY = "1,2";
				TEST_TARGET_NAME = "ios-lead-essentials-exercises";
			};
			name = Release;
		};
/* End XCBuildConfiguration section */

/* Begin XCConfigurationList section */
		6EB7338D2A1BA15D0074E82B /* Build configuration list for PBXProject "ios-lead-essentials-exercises" */ = {
			isa = XCConfigurationList;
			buildConfigurations = (
				6EB733BD2A1BA15E0074E82B /* Debug */,
				6EB733BE2A1BA15E0074E82B /* Release */,
			);
			defaultConfigurationIsVisible = 0;
			defaultConfigurationName = Release;
		};
		6EB733BF2A1BA15E0074E82B /* Build configuration list for PBXNativeTarget "ios-lead-essentials-exercises" */ = {
			isa = XCConfigurationList;
			buildConfigurations = (
				6EB733C02A1BA15E0074E82B /* Debug */,
				6EB733C12A1BA15E0074E82B /* Release */,
			);
			defaultConfigurationIsVisible = 0;
			defaultConfigurationName = Release;
		};
		6EB733C22A1BA15E0074E82B /* Build configuration list for PBXNativeTarget "ios-lead-essentials-exercisesTests" */ = {
			isa = XCConfigurationList;
			buildConfigurations = (
				6EB733C32A1BA15E0074E82B /* Debug */,
				6EB733C42A1BA15E0074E82B /* Release */,
			);
			defaultConfigurationIsVisible = 0;
			defaultConfigurationName = Release;
		};
		6EB733C52A1BA15E0074E82B /* Build configuration list for PBXNativeTarget "ios-lead-essentials-exercisesUITests" */ = {
			isa = XCConfigurationList;
			buildConfigurations = (
				6EB733C62A1BA15E0074E82B /* Debug */,
				6EB733C72A1BA15E0074E82B /* Release */,
			);
			defaultConfigurationIsVisible = 0;
			defaultConfigurationName = Release;
		};
/* End XCConfigurationList section */

/* Begin XCVersionGroup section */
		6EB7339E2A1BA15D0074E82B /* ios_lead_essentials_exercises.xcdatamodeld */ = {
			isa = XCVersionGroup;
			children = (
				6EB7339F2A1BA15D0074E82B /* ios_lead_essentials_exercises.xcdatamodel */,
			);
			currentVersion = 6EB7339F2A1BA15D0074E82B /* ios_lead_essentials_exercises.xcdatamodel */;
			path = ios_lead_essentials_exercises.xcdatamodeld;
			sourceTree = "<group>";
			versionGroupType = wrapper.xcdatamodel;
		};
/* End XCVersionGroup section */
	};
	rootObject = 6EB7338A2A1BA15D0074E82B /* Project object */;
}
